// !$*UTF8*$!
{
	archiveVersion = 1;
	classes = {
	};
	objectVersion = 77;
	objects = {

/* Begin PBXBuildFile section */
		007FF9E487E7BC0BE29E4BEE /* FusionTakeoffApp.swift in Sources */ = {isa = PBXBuildFile; fileRef = 00E867BA330289DFDBD885D9 /* FusionTakeoffApp.swift */; };
		2253283F61C09E3DE75261E6 /* DesignModel.swift in Sources */ = {isa = PBXBuildFile; fileRef = 7D9253026B8042A3AD6E7783 /* DesignModel.swift */; };
		314914C526599C0DFE815693 /* ContentView.swift in Sources */ = {isa = PBXBuildFile; fileRef = E4B4FC7D8127605F46E31D72 /* ContentView.swift */; };
		BACC405779891E1CC7240E44 /* ViewportView.swift in Sources */ = {isa = PBXBuildFile; fileRef = 5DBFE7FCF1E56954711CA06D /* ViewportView.swift */; };
		DCFE43EEC46D1E81506AAC2D /* CADCore in Frameworks */ = {isa = PBXBuildFile; productRef = DDA8176070A4C4FA3CF13B40 /* CADCore */; };
/* End PBXBuildFile section */

/* Begin PBXFileReference section */
		00E867BA330289DFDBD885D9 /* FusionTakeoffApp.swift */ = {isa = PBXFileReference; lastKnownFileType = sourcecode.swift; path = FusionTakeoffApp.swift; sourceTree = "<group>"; };
		5CAB5E2F59180CD118CF8961 /* .gitkeep */ = {isa = PBXFileReference; path = .gitkeep; sourceTree = "<group>"; };
		5DBFE7FCF1E56954711CA06D /* ViewportView.swift */ = {isa = PBXFileReference; lastKnownFileType = sourcecode.swift; path = ViewportView.swift; sourceTree = "<group>"; };
		7D9253026B8042A3AD6E7783 /* DesignModel.swift */ = {isa = PBXFileReference; lastKnownFileType = sourcecode.swift; path = DesignModel.swift; sourceTree = "<group>"; };
		8A79D033E48D1FC6B0898162 /* CADCore */ = {isa = PBXFileReference; lastKnownFileType = folder; name = CADCore; path = Packages/CADCore; sourceTree = SOURCE_ROOT; };
		BF1A31336F1CC0A7C4E7D00F /* FusionTakeoff.app */ = {isa = PBXFileReference; explicitFileType = wrapper.application; includeInIndex = 0; path = FusionTakeoff.app; sourceTree = BUILT_PRODUCTS_DIR; };
		E4B4FC7D8127605F46E31D72 /* ContentView.swift */ = {isa = PBXFileReference; lastKnownFileType = sourcecode.swift; path = ContentView.swift; sourceTree = "<group>"; };
/* End PBXFileReference section */

/* Begin PBXFrameworksBuildPhase section */
		A1B2E5B4989FE8AE9267A69F /* Frameworks */ = {
			isa = PBXFrameworksBuildPhase;
			buildActionMask = 2147483647;
			files = (
				DCFE43EEC46D1E81506AAC2D /* CADCore in Frameworks */,
			);
			runOnlyForDeploymentPostprocessing = 0;
		};
/* End PBXFrameworksBuildPhase section */

/* Begin PBXGroup section */
		26C7C9DD55E050CEFB7AF156 /* Resources */ = {
			isa = PBXGroup;
			children = (
				5CAB5E2F59180CD118CF8961 /* .gitkeep */,
			);
			path = Resources;
			sourceTree = "<group>";
		};
		39B53D46C97E3206C9264EE3 /* Sources */ = {
			isa = PBXGroup;
			children = (
				E4B4FC7D8127605F46E31D72 /* ContentView.swift */,
				7D9253026B8042A3AD6E7783 /* DesignModel.swift */,
				00E867BA330289DFDBD885D9 /* FusionTakeoffApp.swift */,
				5DBFE7FCF1E56954711CA06D /* ViewportView.swift */,
			);
			path = Sources;
			sourceTree = "<group>";
		};
		44C6B64A6339651A73120B39 /* Packages */ = {
			isa = PBXGroup;
			children = (
				8A79D033E48D1FC6B0898162 /* CADCore */,
			);
			path = Packages;
			sourceTree = "<group>";
		};
		61600059F9C8CAB7E834B5C3 /* Products */ = {
			isa = PBXGroup;
			children = (
				BF1A31336F1CC0A7C4E7D00F /* FusionTakeoff.app */,
			);
			name = Products;
			sourceTree = "<group>";
		};
		A7FBBE3A83FD516521BFF35A /* App */ = {
			isa = PBXGroup;
			children = (
				26C7C9DD55E050CEFB7AF156 /* Resources */,
				39B53D46C97E3206C9264EE3 /* Sources */,
			);
			path = App;
			sourceTree = "<group>";
		};
		E8E3A8DCB6FD110468238FDE = {
			isa = PBXGroup;
			children = (
				A7FBBE3A83FD516521BFF35A /* App */,
				44C6B64A6339651A73120B39 /* Packages */,
				61600059F9C8CAB7E834B5C3 /* Products */,
			);
			sourceTree = "<group>";
		};
/* End PBXGroup section */

/* Begin PBXNativeTarget section */
		21E18A2EAA4445205B33E5D9 /* FusionTakeoff */ = {
			isa = PBXNativeTarget;
			buildConfigurationList = 95E227F3C5A780CCB4B1D93B /* Build configuration list for PBXNativeTarget "FusionTakeoff" */;
			buildPhases = (
				31CEDEF2C9F90F41AD0A6EB9 /* Sources */,
				A1B2E5B4989FE8AE9267A69F /* Frameworks */,
			);
			buildRules = (
			);
			dependencies = (
			);
			name = FusionTakeoff;
			packageProductDependencies = (
				DDA8176070A4C4FA3CF13B40 /* CADCore */,
			);
			productName = FusionTakeoff;
			productReference = BF1A31336F1CC0A7C4E7D00F /* FusionTakeoff.app */;
			productType = "com.apple.product-type.application";
		};
/* End PBXNativeTarget section */

/* Begin PBXProject section */
		AEBFCDC4C367902AFEE4310B /* Project object */ = {
			isa = PBXProject;
			attributes = {
				BuildIndependentTargetsInParallel = YES;
				LastUpgradeCheck = 1430;
				TargetAttributes = {
					21E18A2EAA4445205B33E5D9 = {
						ProvisioningStyle = Automatic;
					};
				};
			};
			buildConfigurationList = 5D6DD517F34C131F581C1A78 /* Build configuration list for PBXProject "FusionTakeoff" */;
			compatibilityVersion = "Xcode 14.0";
			developmentRegion = en;
			hasScannedForEncodings = 0;
			knownRegions = (
				Base,
				en,
			);
			mainGroup = E8E3A8DCB6FD110468238FDE;
			minimizedProjectReferenceProxies = 1;
			packageReferences = (
				3B7839F5FE281FB6DCC3C3EB /* XCLocalSwiftPackageReference "Packages/CADCore" */,
			);
			preferredProjectObjectVersion = 77;
			projectDirPath = "";
			projectRoot = "";
			targets = (
				21E18A2EAA4445205B33E5D9 /* FusionTakeoff */,
			);
		};
/* End PBXProject section */

/* Begin PBXSourcesBuildPhase section */
		31CEDEF2C9F90F41AD0A6EB9 /* Sources */ = {
			isa = PBXSourcesBuildPhase;
			buildActionMask = 2147483647;
			files = (
				314914C526599C0DFE815693 /* ContentView.swift in Sources */,
				2253283F61C09E3DE75261E6 /* DesignModel.swift in Sources */,
				007FF9E487E7BC0BE29E4BEE /* FusionTakeoffApp.swift in Sources */,
				BACC405779891E1CC7240E44 /* ViewportView.swift in Sources */,
			);
			runOnlyForDeploymentPostprocessing = 0;
		};
/* End PBXSourcesBuildPhase section */

/* Begin XCBuildConfiguration section */
		481061AC256CB8350E35F9E0 /* Debug */ = {
			isa = XCBuildConfiguration;
			buildSettings = {
				ASSETCATALOG_COMPILER_APPICON_NAME = AppIcon;
				CODE_SIGN_ENTITLEMENTS = App/FusionTakeoff.entitlements;
				CODE_SIGN_IDENTITY = "-";
				CODE_SIGN_STYLE = Automatic;
				COMBINE_HIDPI_IMAGES = YES;
				ENABLE_HARDENED_RUNTIME = YES;
				INFOPLIST_FILE = App/Info.plist;
				LD_RUNPATH_SEARCH_PATHS = (
					"$(inherited)",
					"@executable_path/../Frameworks",
				);
				PRODUCT_BUNDLE_IDENTIFIER = com.takeoff.fusiontakeoff;
				SDKROOT = macosx;
			};
			name = Debug;
		};
		49664ED892B64996CC8A3056 /* Debug */ = {
			isa = XCBuildConfiguration;
			buildSettings = {
				ALWAYS_SEARCH_USER_PATHS = NO;
				CLANG_ANALYZER_NONNULL = YES;
				CLANG_ANALYZER_NUMBER_OBJECT_CONVERSION = YES_AGGRESSIVE;
				CLANG_CXX_LANGUAGE_STANDARD = "gnu++14";
				CLANG_CXX_LIBRARY = "libc++";
				CLANG_ENABLE_MODULES = YES;
				CLANG_ENABLE_OBJC_ARC = YES;
				CLANG_ENABLE_OBJC_WEAK = YES;
				CLANG_WARN_BLOCK_CAPTURE_AUTORELEASING = YES;
				CLANG_WARN_BOOL_CONVERSION = YES;
				CLANG_WARN_COMMA = YES;
				CLANG_WARN_CONSTANT_CONVERSION = YES;
				CLANG_WARN_DEPRECATED_OBJC_IMPLEMENTATIONS = YES;
				CLANG_WARN_DIRECT_OBJC_ISA_USAGE = YES_ERROR;
				CLANG_WARN_DOCUMENTATION_COMMENTS = YES;
				CLANG_WARN_EMPTY_BODY = YES;
				CLANG_WARN_ENUM_CONVERSION = YES;
				CLANG_WARN_INFINITE_RECURSION = YES;
				CLANG_WARN_INT_CONVERSION = YES;
				CLANG_WARN_NON_LITERAL_NULL_CONVERSION = YES;
				CLANG_WARN_OBJC_IMPLICIT_RETAIN_SELF = YES;
				CLANG_WARN_OBJC_LITERAL_CONVERSION = YES;
				CLANG_WARN_OBJC_ROOT_CLASS = YES_ERROR;
				CLANG_WARN_QUOTED_INCLUDE_IN_FRAMEWORK_HEADER = YES;
				CLANG_WARN_RANGE_LOOP_ANALYSIS = YES;
				CLANG_WARN_STRICT_PROTOTYPES = YES;
				CLANG_WARN_SUSPICIOUS_MOVE = YES;
				CLANG_WARN_UNGUARDED_AVAILABILITY = YES_AGGRESSIVE;
				CLANG_WARN_UNREACHABLE_CODE = YES;
				CLANG_WARN__DUPLICATE_METHOD_MATCH = YES;
				COPY_PHASE_STRIP = NO;
				CURRENT_PROJECT_VERSION = 1;
				DEBUG_INFORMATION_FORMAT = dwarf;
				ENABLE_STRICT_OBJC_MSGSEND = YES;
				ENABLE_TESTABILITY = YES;
				GCC_C_LANGUAGE_STANDARD = gnu11;
				GCC_DYNAMIC_NO_PIC = NO;
				GCC_NO_COMMON_BLOCKS = YES;
				GCC_OPTIMIZATION_LEVEL = 0;
				GCC_PREPROCESSOR_DEFINITIONS = (
					"$(inherited)",
					"DEBUG=1",
				);
				GCC_WARN_64_TO_32_BIT_CONVERSION = YES;
				GCC_WARN_ABOUT_RETURN_TYPE = YES_ERROR;
				GCC_WARN_UNDECLARED_SELECTOR = YES;
				GCC_WARN_UNINITIALIZED_AUTOS = YES_AGGRESSIVE;
				GCC_WARN_UNUSED_FUNCTION = YES;
				GCC_WARN_UNUSED_VARIABLE = YES;
				MACOSX_DEPLOYMENT_TARGET = 14.0;
				MARKETING_VERSION = 0.1.0;
				MTL_ENABLE_DEBUG_INFO = INCLUDE_SOURCE;
				MTL_FAST_MATH = YES;
				ONLY_ACTIVE_ARCH = YES;
				PRODUCT_NAME = "$(TARGET_NAME)";
				SDKROOT = macosx;
				SWIFT_ACTIVE_COMPILATION_CONDITIONS = DEBUG;
				SWIFT_OPTIMIZATION_LEVEL = "-Onone";
				SWIFT_VERSION = 6.0;
			};
			name = Debug;
		};
		7651F0C66E8D82170BAA72D5 /* Release */ = {
			isa = XCBuildConfiguration;
			buildSettings = {
				ALWAYS_SEARCH_USER_PATHS = NO;
				CLANG_ANALYZER_NONNULL = YES;
				CLANG_ANALYZER_NUMBER_OBJECT_CONVERSION = YES_AGGRESSIVE;
				CLANG_CXX_LANGUAGE_STANDARD = "gnu++14";
				CLANG_CXX_LIBRARY = "libc++";
				CLANG_ENABLE_MODULES = YES;
				CLANG_ENABLE_OBJC_ARC = YES;
				CLANG_ENABLE_OBJC_WEAK = YES;
				CLANG_WARN_BLOCK_CAPTURE_AUTORELEASING = YES;
				CLANG_WARN_BOOL_CONVERSION = YES;
				CLANG_WARN_COMMA = YES;
				CLANG_WARN_CONSTANT_CONVERSION = YES;
				CLANG_WARN_DEPRECATED_OBJC_IMPLEMENTATIONS = YES;
				CLANG_WARN_DIRECT_OBJC_ISA_USAGE = YES_ERROR;
				CLANG_WARN_DOCUMENTATION_COMMENTS = YES;
				CLANG_WARN_EMPTY_BODY = YES;
				CLANG_WARN_ENUM_CONVERSION = YES;
				CLANG_WARN_INFINITE_RECURSION = YES;
				CLANG_WARN_INT_CONVERSION = YES;
				CLANG_WARN_NON_LITERAL_NULL_CONVERSION = YES;
				CLANG_WARN_OBJC_IMPLICIT_RETAIN_SELF = YES;
				CLANG_WARN_OBJC_LITERAL_CONVERSION = YES;
				CLANG_WARN_OBJC_ROOT_CLASS = YES_ERROR;
				CLANG_WARN_QUOTED_INCLUDE_IN_FRAMEWORK_HEADER = YES;
				CLANG_WARN_RANGE_LOOP_ANALYSIS = YES;
				CLANG_WARN_STRICT_PROTOTYPES = YES;
				CLANG_WARN_SUSPICIOUS_MOVE = YES;
				CLANG_WARN_UNGUARDED_AVAILABILITY = YES_AGGRESSIVE;
				CLANG_WARN_UNREACHABLE_CODE = YES;
				CLANG_WARN__DUPLICATE_METHOD_MATCH = YES;
				COPY_PHASE_STRIP = NO;
				CURRENT_PROJECT_VERSION = 1;
				DEBUG_INFORMATION_FORMAT = "dwarf-with-dsym";
				ENABLE_NS_ASSERTIONS = NO;
				ENABLE_STRICT_OBJC_MSGSEND = YES;
				GCC_C_LANGUAGE_STANDARD = gnu11;
				GCC_NO_COMMON_BLOCKS = YES;
				GCC_WARN_64_TO_32_BIT_CONVERSION = YES;
				GCC_WARN_ABOUT_RETURN_TYPE = YES_ERROR;
				GCC_WARN_UNDECLARED_SELECTOR = YES;
				GCC_WARN_UNINITIALIZED_AUTOS = YES_AGGRESSIVE;
				GCC_WARN_UNUSED_FUNCTION = YES;
				GCC_WARN_UNUSED_VARIABLE = YES;
				MACOSX_DEPLOYMENT_TARGET = 14.0;
				MARKETING_VERSION = 0.1.0;
				MTL_ENABLE_DEBUG_INFO = NO;
				MTL_FAST_MATH = YES;
				PRODUCT_NAME = "$(TARGET_NAME)";
				SDKROOT = macosx;
				SWIFT_COMPILATION_MODE = wholemodule;
				SWIFT_OPTIMIZATION_LEVEL = "-O";
				SWIFT_VERSION = 6.0;
			};
			name = Release;
		};
		928FDED4872C90F6F8D72305 /* Release */ = {
			isa = XCBuildConfiguration;
			buildSettings = {
				ASSETCATALOG_COMPILER_APPICON_NAME = AppIcon;
				CODE_SIGN_ENTITLEMENTS = App/FusionTakeoff.entitlements;
				CODE_SIGN_IDENTITY = "-";
				CODE_SIGN_STYLE = Automatic;
				COMBINE_HIDPI_IMAGES = YES;
				ENABLE_HARDENED_RUNTIME = YES;
				INFOPLIST_FILE = App/Info.plist;
				LD_RUNPATH_SEARCH_PATHS = (
					"$(inherited)",
					"@executable_path/../Frameworks",
				);
				PRODUCT_BUNDLE_IDENTIFIER = com.takeoff.fusiontakeoff;
				SDKROOT = macosx;
			};
			name = Release;
		};
/* End XCBuildConfiguration section */

/* Begin XCConfigurationList section */
		5D6DD517F34C131F581C1A78 /* Build configuration list for PBXProject "FusionTakeoff" */ = {
			isa = XCConfigurationList;
			buildConfigurations = (
				49664ED892B64996CC8A3056 /* Debug */,
				7651F0C66E8D82170BAA72D5 /* Release */,
			);
			defaultConfigurationIsVisible = 0;
			defaultConfigurationName = Debug;
		};
		95E227F3C5A780CCB4B1D93B /* Build configuration list for PBXNativeTarget "FusionTakeoff" */ = {
			isa = XCConfigurationList;
			buildConfigurations = (
				481061AC256CB8350E35F9E0 /* Debug */,
				928FDED4872C90F6F8D72305 /* Release */,
			);
			defaultConfigurationIsVisible = 0;
			defaultConfigurationName = Debug;
		};
/* End XCConfigurationList section */

/* Begin XCLocalSwiftPackageReference section */
		3B7839F5FE281FB6DCC3C3EB /* XCLocalSwiftPackageReference "Packages/CADCore" */ = {
			isa = XCLocalSwiftPackageReference;
			relativePath = Packages/CADCore;
		};
/* End XCLocalSwiftPackageReference section */

/* Begin XCSwiftPackageProductDependency section */
		DDA8176070A4C4FA3CF13B40 /* CADCore */ = {
			isa = XCSwiftPackageProductDependency;
			productName = CADCore;
		};
/* End XCSwiftPackageProductDependency section */
	};
	rootObject = AEBFCDC4C367902AFEE4310B /* Project object */;
}
