// !$*UTF8*$!
{
	archiveVersion = 1;
	classes = {
	};
	objectVersion = 77;
	objects = {

/* Begin PBXBuildFile section */
		00F4B54DB5EC90153C2FA6BE /* PrivacyInfo.xcprivacy in Resources */ = {isa = PBXBuildFile; fileRef = 63F1CB0CE719F5602AD0E76E /* PrivacyInfo.xcprivacy */; };
		05AF0F631125314979E5EABA /* JointCommand.swift in Sources */ = {isa = PBXBuildFile; fileRef = 54EE962FA7CFBEA7427A80E8 /* JointCommand.swift */; };
		05EB1442F7FB9DCAABC5FE1B /* FeatureCommands.swift in Sources */ = {isa = PBXBuildFile; fileRef = 57A3CFA4BA9DB66DB41AE96B /* FeatureCommands.swift */; };
		0B08FDCFD560B3F7E6B34565 /* BrowserPanel.swift in Sources */ = {isa = PBXBuildFile; fileRef = F4162A22E891E76FD9B0E6CA /* BrowserPanel.swift */; };
		0E767B03A5E12FC1C9C65E1E /* AssistantSession.swift in Sources */ = {isa = PBXBuildFile; fileRef = DA831E610F555E8A4BC81923 /* AssistantSession.swift */; };
		13A90DD582DD0DFADFC02690 /* GeoSelection.swift in Sources */ = {isa = PBXBuildFile; fileRef = B072E2898F0A20B8861C13F8 /* GeoSelection.swift */; };
		143812546439D97F9A094225 /* CADTakeoffImportProject.py in Resources */ = {isa = PBXBuildFile; fileRef = 3079339A5B2AB1E6EFB76050 /* CADTakeoffImportProject.py */; };
		15B9E5F66063E99E492FD242 /* Picking.swift in Sources */ = {isa = PBXBuildFile; fileRef = 4A1E9EAC4951BAF080CE4885 /* Picking.swift */; };
		173E8EA9856E39D23FF924EC /* WorkspaceView.swift in Sources */ = {isa = PBXBuildFile; fileRef = B36674A4AEA82A186CABEBEB /* WorkspaceView.swift */; };
		17765BB4F943E5303AB4977B /* MetalViewport.swift in Sources */ = {isa = PBXBuildFile; fileRef = 32F5B171C498A222AE59BB15 /* MetalViewport.swift */; };
		1D1A43D30ABB4C6A139B7FA7 /* ConnectorsPanel.swift in Sources */ = {isa = PBXBuildFile; fileRef = 3CD86656AEFB6BC95A8C96A9 /* ConnectorsPanel.swift */; };
		1FC83F9D76AE1F7D4E42C566 /* SketchCommands.swift in Sources */ = {isa = PBXBuildFile; fileRef = E739A2954E6A9A303F24F96F /* SketchCommands.swift */; };
		276866352B05274ABB9B1948 /* PartColorPicker.swift in Sources */ = {isa = PBXBuildFile; fileRef = 56D04A4DB715945B73E88E2B /* PartColorPicker.swift */; };
		29E3C72A4DD983975A5B94B1 /* CircuitModel+Tools.swift in Sources */ = {isa = PBXBuildFile; fileRef = A69F83B72EF950E07F08E816 /* CircuitModel+Tools.swift */; };
		2A7139A4FF0DB4587EE1B107 /* SketchInspector.swift in Sources */ = {isa = PBXBuildFile; fileRef = 8F95BC8662BF24C8B33D5708 /* SketchInspector.swift */; };
		2E9E1A85449505E8EE29A665 /* SketchSession+Constraints.swift in Sources */ = {isa = PBXBuildFile; fileRef = B10B7DAAA5C2972E239820E7 /* SketchSession+Constraints.swift */; };
		2F1583AA3117428454D4F36B /* UndoRouter.swift in Sources */ = {isa = PBXBuildFile; fileRef = 28E853D121D28F163F7809FD /* UndoRouter.swift */; };
		2FC4825CD83EF05888764383 /* Ribbon.swift in Sources */ = {isa = PBXBuildFile; fileRef = E8DCACC31C8A1D1083704390 /* Ribbon.swift */; };
		304D04CD63C2FE7DF6E093BD /* DrawingWindow.swift in Sources */ = {isa = PBXBuildFile; fileRef = B14495155DD83797A3825D23 /* DrawingWindow.swift */; };
		31399CA1BDEC34626648EB0E /* CircuitModel+Rules.swift in Sources */ = {isa = PBXBuildFile; fileRef = 0D7E4062145A9A8EA45189EC /* CircuitModel+Rules.swift */; };
		33179EDE90F3611F14EC7AAF /* OpenAIConversation.swift in Sources */ = {isa = PBXBuildFile; fileRef = 0D62E0F75CF5CB298CD5B22F /* OpenAIConversation.swift */; };
		363309F9322A024E16F49312 /* ThumbnailRenderer.swift in Sources */ = {isa = PBXBuildFile; fileRef = F81146D05AB6550033CA0390 /* ThumbnailRenderer.swift */; };
		36BC8E66826F4BCED0F7E73B /* SplitCommand.swift in Sources */ = {isa = PBXBuildFile; fileRef = 29E1FFCD691A84818C3BCE5A /* SplitCommand.swift */; };
		373A61520DDA32DF06C8685D /* CircuitModel.swift in Sources */ = {isa = PBXBuildFile; fileRef = F1A5F02CE2EF0AEDD8D86251 /* CircuitModel.swift */; };
		374D3487F7C1E42058D55966 /* AppleIntelligenceProvider.swift in Sources */ = {isa = PBXBuildFile; fileRef = C69E2616D246AEA66F7ECC38 /* AppleIntelligenceProvider.swift */; };
		383B754E66B67F0BAE275228 /* TimelineBar.swift in Sources */ = {isa = PBXBuildFile; fileRef = D15DE039BD31C92AE427C66E /* TimelineBar.swift */; };
		3AC54D45E3D318B30B845B0B /* ProjectLibrary.swift in Sources */ = {isa = PBXBuildFile; fileRef = 642773DA2D59B0B1CE8A43A0 /* ProjectLibrary.swift */; };
		3B556AEB2AA490F04E2ACC8F /* MoveCommand.swift in Sources */ = {isa = PBXBuildFile; fileRef = D067A2E9C4BB917828D77F92 /* MoveCommand.swift */; };
		3F353536F6FC56921AE033E2 /* ExplodeCommand.swift in Sources */ = {isa = PBXBuildFile; fileRef = 0B64F683EF67CA5B65DCDA84 /* ExplodeCommand.swift */; };
		3F9B6C39C986BB88C4B7E079 /* CommandPanel.swift in Sources */ = {isa = PBXBuildFile; fileRef = 6DF6A1F3233CD0230ACA6D4F /* CommandPanel.swift */; };
		479BA7F0547BB800519289F5 /* AssistantSettings.swift in Sources */ = {isa = PBXBuildFile; fileRef = ECA78FC8697B5F2DF68671D9 /* AssistantSettings.swift */; };
		4AAB9328171BF27718973609 /* ViewportRenderer.swift in Sources */ = {isa = PBXBuildFile; fileRef = F40BA080C6FA5B579B4B966B /* ViewportRenderer.swift */; };
		4AF0F80F02AFC0EADE2DC571 /* CADToolCatalog.swift in Sources */ = {isa = PBXBuildFile; fileRef = 62D38757828F98D2737425CF /* CADToolCatalog.swift */; };
		4C996C3025DEADD358451F17 /* CADToolValidation.swift in Sources */ = {isa = PBXBuildFile; fileRef = FB8505013537F19DABD1503A /* CADToolValidation.swift */; };
		52FCA1C625DC2574CBAD75F6 /* JointDrag.swift in Sources */ = {isa = PBXBuildFile; fileRef = 9B0BB7CA7969F5BD659BC413 /* JointDrag.swift */; };
		53B22475BB354319FB475D97 /* CircuitModel+Zones.swift in Sources */ = {isa = PBXBuildFile; fileRef = 4DD2A927FBE8EEC2336A952B /* CircuitModel+Zones.swift */; };
		5A5FE040EE1622D222CE7B85 /* CircuitModel+Schematic.swift in Sources */ = {isa = PBXBuildFile; fileRef = 4A22EDDA6CFE7BB109C9224B /* CircuitModel+Schematic.swift */; };
		5D43B61BB9B0A3E5112D894B /* StatusBar.swift in Sources */ = {isa = PBXBuildFile; fileRef = 542BB2CC5B625AFE33908AA5 /* StatusBar.swift */; };
		5E7401FF1CD1FCB96A16B12E /* LocalHTTPTransport.swift in Sources */ = {isa = PBXBuildFile; fileRef = EEFA7766810275F652983FA1 /* LocalHTTPTransport.swift */; };
		5FBABD8617F13347CE64DDA1 /* ElectronicsCore in Frameworks */ = {isa = PBXBuildFile; productRef = 94BE0555CADC49A52D81E724 /* ElectronicsCore */; };
		632024767AA11693D6157405 /* fusion_history.py in Resources */ = {isa = PBXBuildFile; fileRef = 3770472710CAC4D5EE4F671D /* fusion_history.py */; };
		6391BD7137C19D938C85F761 /* HomeView.swift in Sources */ = {isa = PBXBuildFile; fileRef = 8ACF2F56948E53B401DAEA56 /* HomeView.swift */; };
		6A10CC336BAEA35811826D10 /* AppVersion.swift in Sources */ = {isa = PBXBuildFile; fileRef = 069D2799753CD573213F79CB /* AppVersion.swift */; };
		6A65AED3408C4EB0ECFB82BF /* ftk-mcp in Embed Dependencies */ = {isa = PBXBuildFile; fileRef = 8CDAC622763B58001C57E74E /* ftk-mcp */; settings = {ATTRIBUTES = (RemoveHeadersOnCopy, ); }; };
		6B565AFFC0F914F50DE7ED6C /* CircuitSchematicView.swift in Sources */ = {isa = PBXBuildFile; fileRef = 82A81CD8EBB1FFBE3F89DC77 /* CircuitSchematicView.swift */; };
		6F8298EDA67F97F349B5DA81 /* SketchSession+Edit.swift in Sources */ = {isa = PBXBuildFile; fileRef = 5018C0134761E9A7DB53FF11 /* SketchSession+Edit.swift */; };
		738BCE6360B6E88389CC0C25 /* ParametersSheet.swift in Sources */ = {isa = PBXBuildFile; fileRef = F5210093687F0306F5DD6656 /* ParametersSheet.swift */; };
		777BDBC9FE2323C253CECC23 /* DesignModel+Tools.swift in Sources */ = {isa = PBXBuildFile; fileRef = DFE879D6C00C0DC93695E617 /* DesignModel+Tools.swift */; };
		78C8326AFABC33FCF9670163 /* FusionTakeoffApp.swift in Sources */ = {isa = PBXBuildFile; fileRef = 00D1B5C7164014C07C5C31BC /* FusionTakeoffApp.swift */; };
		7A45829B787DC333268E4F31 /* ChatGPTConnector.swift in Sources */ = {isa = PBXBuildFile; fileRef = 01192770DA5C6CA750312AB6 /* ChatGPTConnector.swift */; };
		7D2D8376A46E203FE6BCCADE /* DesignTabs.swift in Sources */ = {isa = PBXBuildFile; fileRef = 14F28DA722F5CEA29D56B8C6 /* DesignTabs.swift */; };
		80A196158C024C5AD959E030 /* CircuitModel+Fabrication.swift in Sources */ = {isa = PBXBuildFile; fileRef = 6817EF5D8EFE4F1E0BA17D10 /* CircuitModel+Fabrication.swift */; };
		829B5A9129E9834A71A9F68C /* FusionTakeoffExport.manifest in Resources */ = {isa = PBXBuildFile; fileRef = 2AE35C58D55633793752EC0A /* FusionTakeoffExport.manifest */; };
		865BB53D7E595B32EB7D5F09 /* CommandSession.swift in Sources */ = {isa = PBXBuildFile; fileRef = 8B8A33442A4596CDA241E197 /* CommandSession.swift */; };
		871A00C58DD6D28ADF201C37 /* CADTakeoffImportProject.manifest in Resources */ = {isa = PBXBuildFile; fileRef = BA7F9CA32B4FE85A6EF88EC1 /* CADTakeoffImportProject.manifest */; };
		89CEEC9622670A06965A014E /* ClaudeDesktopSetup.swift in Sources */ = {isa = PBXBuildFile; fileRef = F2A9B625C6D5BB0B98229004 /* ClaudeDesktopSetup.swift */; };
		8D308AF90188E787036E54E3 /* AnthropicStream.swift in Sources */ = {isa = PBXBuildFile; fileRef = 0C2A030D32CF1A0BBDAFD07B /* AnthropicStream.swift */; };
		9113C820EBF63C2BA4DC2010 /* MCPHost.swift in Sources */ = {isa = PBXBuildFile; fileRef = 891E4E944492E6539912AE18 /* MCPHost.swift */; };
		94D9C9F09E67E17A68189E85 /* SheetMetalCommand.swift in Sources */ = {isa = PBXBuildFile; fileRef = E98CD345010D437D5502B155 /* SheetMetalCommand.swift */; };
		95752245B5189B2C9F1A36A5 /* Theme.swift in Sources */ = {isa = PBXBuildFile; fileRef = A540789F432133B207D141A0 /* Theme.swift */; };
		99BD3748892C2F30C9DCB2D8 /* CircuitModel+PCB.swift in Sources */ = {isa = PBXBuildFile; fileRef = 1910760B5F8D7EDB7F9D1502 /* CircuitModel+PCB.swift */; };
		9E390BBDAE0C6659CE5ECBC6 /* ChamferCommand.swift in Sources */ = {isa = PBXBuildFile; fileRef = F565E8DD894590B674296FD8 /* ChamferCommand.swift */; };
		9F5347637A122C50E1BABB0A /* Camera.swift in Sources */ = {isa = PBXBuildFile; fileRef = DD59C218754E0D11BA7F1DD8 /* Camera.swift */; };
		A0002A11F1A414BC0C7E68D3 /* PressPullCommand.swift in Sources */ = {isa = PBXBuildFile; fileRef = ADF9849BD6F001008766D793 /* PressPullCommand.swift */; };
		A356F40BEC0C7A4C5B4C19F1 /* AssistantProvider.swift in Sources */ = {isa = PBXBuildFile; fileRef = FBE73A74E138A56A42C4B126 /* AssistantProvider.swift */; };
		A41E5678F91219F1D8B237CE /* CommandPanelPreviews.swift in Sources */ = {isa = PBXBuildFile; fileRef = 7F70EE3853262F3E9B036C38 /* CommandPanelPreviews.swift */; };
		A56B13EBDA846ABD85D547EE /* AssemblySheets.swift in Sources */ = {isa = PBXBuildFile; fileRef = 38ABEE7B1E91745FFECD06FF /* AssemblySheets.swift */; };
		A92610AD0C21637B9D893572 /* LibraryImportSheet.swift in Sources */ = {isa = PBXBuildFile; fileRef = A9BEB34B278C455C5F585591 /* LibraryImportSheet.swift */; };
		AAA7D793F67B8581E3683698 /* FusionAddInInstaller.swift in Sources */ = {isa = PBXBuildFile; fileRef = 15AE2553C670B5E2BE5C6306 /* FusionAddInInstaller.swift */; };
		AEF37A7CA87910F091905025 /* FabricationSheet.swift in Sources */ = {isa = PBXBuildFile; fileRef = 85701B6094A1266E30BAB2C6 /* FabricationSheet.swift */; };
		B1A5529266ECF311788CD40F /* ShellCommand.swift in Sources */ = {isa = PBXBuildFile; fileRef = 388E65A3410FB91CB09F5B4C /* ShellCommand.swift */; };
		B259CC5F1CAD6C4C03EC0C3D /* ChatGPTSetupView.swift in Sources */ = {isa = PBXBuildFile; fileRef = 4CE13560ABCD7C97EACB57FC /* ChatGPTSetupView.swift */; };
		B48F98947A948B2AF41FEF8B /* DesignModel+Files.swift in Sources */ = {isa = PBXBuildFile; fileRef = C93A08B31D6229F004EC44D1 /* DesignModel+Files.swift */; };
		BA4B4A5E328B8EC670C753FF /* InspectorPanel.swift in Sources */ = {isa = PBXBuildFile; fileRef = 674F82AB15EE87E1E87FF63E /* InspectorPanel.swift */; };
		BD0AF8F40A31137795FDABBB /* Keychain.swift in Sources */ = {isa = PBXBuildFile; fileRef = CA251AD54A99FF5A9A16C764 /* Keychain.swift */; };
		C65CA1CC038EE303F8428FFB /* WorkspaceState.swift in Sources */ = {isa = PBXBuildFile; fileRef = D5B2262B19DCE84C9BF60C57 /* WorkspaceState.swift */; };
		CCBD9102B7D6DBA55DF94FBF /* ViewCube.swift in Sources */ = {isa = PBXBuildFile; fileRef = 86A604770FA67CFFA12BACDB /* ViewCube.swift */; };
		CE170F2CBCC50AEF128AC113 /* Assets.xcassets in Resources */ = {isa = PBXBuildFile; fileRef = D65234D73DDB270D86ADBB51 /* Assets.xcassets */; };
		CEAC8DC83C593F07FCDEF964 /* ViewportContainer.swift in Sources */ = {isa = PBXBuildFile; fileRef = 107E7A72ACBBD8A3E6C64783 /* ViewportContainer.swift */; };
		CEBEC776C6B0ACDAEC98DA4D /* SketchSession.swift in Sources */ = {isa = PBXBuildFile; fileRef = 55A384B92C6A6894EA9A5831 /* SketchSession.swift */; };
		D13A88B158259CB5CBCA9E6E /* AssistantPanel.swift in Sources */ = {isa = PBXBuildFile; fileRef = 5E94E0B183AD74A6A1329FA5 /* AssistantPanel.swift */; };
		D8376DC2B3B2C7537A925E5D /* ShaderSource.swift in Sources */ = {isa = PBXBuildFile; fileRef = BDE96AD369C37C4EFF3F264C /* ShaderSource.swift */; };
		DA96A4AB664D740100D0BECE /* DesignModel.swift in Sources */ = {isa = PBXBuildFile; fileRef = 5B20A8FC97A9ABF79AEA9CD6 /* DesignModel.swift */; };
		DC033B9B3B5890AC57D182B5 /* PatternCommand.swift in Sources */ = {isa = PBXBuildFile; fileRef = 63320AFB5B8D43EF4528E264 /* PatternCommand.swift */; };
		DCFE43EEC46D1E81506AAC2D /* CADCore in Frameworks */ = {isa = PBXBuildFile; productRef = DDA8176070A4C4FA3CF13B40 /* CADCore */; };
		DD8A6431CB4C5743F04C9097 /* OpenAIStream.swift in Sources */ = {isa = PBXBuildFile; fileRef = EB6B876F0661B437E6E2EEA8 /* OpenAIStream.swift */; };
		E3BAFAA25CDBB181284B9024 /* CombineCommand.swift in Sources */ = {isa = PBXBuildFile; fileRef = B8B4F44DB320DEEB502074D8 /* CombineCommand.swift */; };
		E4B462720F43A796681BA91D /* main.swift in Sources */ = {isa = PBXBuildFile; fileRef = 22C2A70420F010AE7D6A1393 /* main.swift */; };
		E6A4CECA1B0657934C158404 /* OpenAIProvider.swift in Sources */ = {isa = PBXBuildFile; fileRef = CE04E5C771D6558145AEF42B /* OpenAIProvider.swift */; };
		E6AEE10EBD192FD2B549A582 /* MCPServer.swift in Sources */ = {isa = PBXBuildFile; fileRef = 1D2872A72642BACF8A561EBB /* MCPServer.swift */; };
		E91C000FA839F7AAD962F2CD /* ClaudeProvider.swift in Sources */ = {isa = PBXBuildFile; fileRef = BBD53B10C72D20DE93348377 /* ClaudeProvider.swift */; };
		EA013203E3D46F7BFF6E1748 /* SketchStore.swift in Sources */ = {isa = PBXBuildFile; fileRef = 6AE9B4B0B09E1D3297102FD0 /* SketchStore.swift */; };
		EB93176B42E913F0D0905F0B /* ToolRouter.swift in Sources */ = {isa = PBXBuildFile; fileRef = C4F1938525A46708F9F642CA /* ToolRouter.swift */; };
		EC1229347F2E68CB13809EA2 /* ToolBridge.swift in Sources */ = {isa = PBXBuildFile; fileRef = 916C7BCF2D3CEE602A6F6315 /* ToolBridge.swift */; };
		F5D93FEA053AC74BB3070910 /* DistanceManipulator.swift in Sources */ = {isa = PBXBuildFile; fileRef = 14BCB1CCAA2E691590A08FFD /* DistanceManipulator.swift */; };
		F7378BBBE11BB02FC3E8FCF0 /* MatrixMath.swift in Sources */ = {isa = PBXBuildFile; fileRef = 943EB272622A8A5AAC6E74FB /* MatrixMath.swift */; };
		FB1220EDBC0CC9BCE61EE67E /* CircuitWorkspace.swift in Sources */ = {isa = PBXBuildFile; fileRef = 0431B3B1382987169BEB697A /* CircuitWorkspace.swift */; };
		FB69304B1841695A656592CD /* Esempio circuito.ftkc in Resources */ = {isa = PBXBuildFile; fileRef = F52A8C1E9BF15F48F6FB5FA8 /* Esempio circuito.ftkc */; };
		FE2BFC396A55BAC42977CD69 /* HoleCommand.swift in Sources */ = {isa = PBXBuildFile; fileRef = FA91E1AA38E2315A59B0A4AF /* HoleCommand.swift */; };
		FE5900210908742F2680504F /* FusionTakeoffExport.py in Resources */ = {isa = PBXBuildFile; fileRef = 3ECE718E5B72F020F3210669 /* FusionTakeoffExport.py */; };
/* End PBXBuildFile section */

/* Begin PBXContainerItemProxy section */
		44B11B2379A8C29B924B9F58 /* PBXContainerItemProxy */ = {
			isa = PBXContainerItemProxy;
			containerPortal = AEBFCDC4C367902AFEE4310B /* Project object */;
			proxyType = 1;
			remoteGlobalIDString = DFCBD29B1FFBA977A3959FA1;
			remoteInfo = "ftk-mcp";
		};
/* End PBXContainerItemProxy section */

/* Begin PBXCopyFilesBuildPhase section */
		F26181B479C639D4162F3C29 /* Embed Dependencies */ = {
			isa = PBXCopyFilesBuildPhase;
			buildActionMask = 2147483647;
			dstPath = "";
			dstSubfolderSpec = 6;
			files = (
				6A65AED3408C4EB0ECFB82BF /* ftk-mcp in Embed Dependencies */,
			);
			name = "Embed Dependencies";
			runOnlyForDeploymentPostprocessing = 0;
		};
/* End PBXCopyFilesBuildPhase section */

/* Begin PBXFileReference section */
		00D1B5C7164014C07C5C31BC /* FusionTakeoffApp.swift */ = {isa = PBXFileReference; lastKnownFileType = sourcecode.swift; path = FusionTakeoffApp.swift; sourceTree = "<group>"; };
		01192770DA5C6CA750312AB6 /* ChatGPTConnector.swift */ = {isa = PBXFileReference; lastKnownFileType = sourcecode.swift; path = ChatGPTConnector.swift; sourceTree = "<group>"; };
		0431B3B1382987169BEB697A /* CircuitWorkspace.swift */ = {isa = PBXFileReference; lastKnownFileType = sourcecode.swift; path = CircuitWorkspace.swift; sourceTree = "<group>"; };
		069D2799753CD573213F79CB /* AppVersion.swift */ = {isa = PBXFileReference; lastKnownFileType = sourcecode.swift; path = AppVersion.swift; sourceTree = "<group>"; };
		0B64F683EF67CA5B65DCDA84 /* ExplodeCommand.swift */ = {isa = PBXFileReference; lastKnownFileType = sourcecode.swift; path = ExplodeCommand.swift; sourceTree = "<group>"; };
		0C2A030D32CF1A0BBDAFD07B /* AnthropicStream.swift */ = {isa = PBXFileReference; lastKnownFileType = sourcecode.swift; path = AnthropicStream.swift; sourceTree = "<group>"; };
		0D62E0F75CF5CB298CD5B22F /* OpenAIConversation.swift */ = {isa = PBXFileReference; lastKnownFileType = sourcecode.swift; path = OpenAIConversation.swift; sourceTree = "<group>"; };
		0D7E4062145A9A8EA45189EC /* CircuitModel+Rules.swift */ = {isa = PBXFileReference; lastKnownFileType = sourcecode.swift; path = "CircuitModel+Rules.swift"; sourceTree = "<group>"; };
		107E7A72ACBBD8A3E6C64783 /* ViewportContainer.swift */ = {isa = PBXFileReference; lastKnownFileType = sourcecode.swift; path = ViewportContainer.swift; sourceTree = "<group>"; };
		14BCB1CCAA2E691590A08FFD /* DistanceManipulator.swift */ = {isa = PBXFileReference; lastKnownFileType = sourcecode.swift; path = DistanceManipulator.swift; sourceTree = "<group>"; };
		14F28DA722F5CEA29D56B8C6 /* DesignTabs.swift */ = {isa = PBXFileReference; lastKnownFileType = sourcecode.swift; path = DesignTabs.swift; sourceTree = "<group>"; };
		15AE2553C670B5E2BE5C6306 /* FusionAddInInstaller.swift */ = {isa = PBXFileReference; lastKnownFileType = sourcecode.swift; path = FusionAddInInstaller.swift; sourceTree = "<group>"; };
		1910760B5F8D7EDB7F9D1502 /* CircuitModel+PCB.swift */ = {isa = PBXFileReference; lastKnownFileType = sourcecode.swift; path = "CircuitModel+PCB.swift"; sourceTree = "<group>"; };
		1D2872A72642BACF8A561EBB /* MCPServer.swift */ = {isa = PBXFileReference; lastKnownFileType = sourcecode.swift; path = MCPServer.swift; sourceTree = "<group>"; };
		22C2A70420F010AE7D6A1393 /* main.swift */ = {isa = PBXFileReference; lastKnownFileType = sourcecode.swift; path = main.swift; sourceTree = "<group>"; };
		28E853D121D28F163F7809FD /* UndoRouter.swift */ = {isa = PBXFileReference; lastKnownFileType = sourcecode.swift; path = UndoRouter.swift; sourceTree = "<group>"; };
		29E1FFCD691A84818C3BCE5A /* SplitCommand.swift */ = {isa = PBXFileReference; lastKnownFileType = sourcecode.swift; path = SplitCommand.swift; sourceTree = "<group>"; };
		2AE35C58D55633793752EC0A /* FusionTakeoffExport.manifest */ = {isa = PBXFileReference; path = FusionTakeoffExport.manifest; sourceTree = "<group>"; };
		3079339A5B2AB1E6EFB76050 /* CADTakeoffImportProject.py */ = {isa = PBXFileReference; lastKnownFileType = text.script.python; path = CADTakeoffImportProject.py; sourceTree = "<group>"; };
		32F5B171C498A222AE59BB15 /* MetalViewport.swift */ = {isa = PBXFileReference; lastKnownFileType = sourcecode.swift; path = MetalViewport.swift; sourceTree = "<group>"; };
		3770472710CAC4D5EE4F671D /* fusion_history.py */ = {isa = PBXFileReference; lastKnownFileType = text.script.python; path = fusion_history.py; sourceTree = "<group>"; };
		388E65A3410FB91CB09F5B4C /* ShellCommand.swift */ = {isa = PBXFileReference; lastKnownFileType = sourcecode.swift; path = ShellCommand.swift; sourceTree = "<group>"; };
		38ABEE7B1E91745FFECD06FF /* AssemblySheets.swift */ = {isa = PBXFileReference; lastKnownFileType = sourcecode.swift; path = AssemblySheets.swift; sourceTree = "<group>"; };
		3CD86656AEFB6BC95A8C96A9 /* ConnectorsPanel.swift */ = {isa = PBXFileReference; lastKnownFileType = sourcecode.swift; path = ConnectorsPanel.swift; sourceTree = "<group>"; };
		3ECE718E5B72F020F3210669 /* FusionTakeoffExport.py */ = {isa = PBXFileReference; lastKnownFileType = text.script.python; path = FusionTakeoffExport.py; sourceTree = "<group>"; };
		4A1E9EAC4951BAF080CE4885 /* Picking.swift */ = {isa = PBXFileReference; lastKnownFileType = sourcecode.swift; path = Picking.swift; sourceTree = "<group>"; };
		4A22EDDA6CFE7BB109C9224B /* CircuitModel+Schematic.swift */ = {isa = PBXFileReference; lastKnownFileType = sourcecode.swift; path = "CircuitModel+Schematic.swift"; sourceTree = "<group>"; };
		4CE13560ABCD7C97EACB57FC /* ChatGPTSetupView.swift */ = {isa = PBXFileReference; lastKnownFileType = sourcecode.swift; path = ChatGPTSetupView.swift; sourceTree = "<group>"; };
		4DD2A927FBE8EEC2336A952B /* CircuitModel+Zones.swift */ = {isa = PBXFileReference; lastKnownFileType = sourcecode.swift; path = "CircuitModel+Zones.swift"; sourceTree = "<group>"; };
		5018C0134761E9A7DB53FF11 /* SketchSession+Edit.swift */ = {isa = PBXFileReference; lastKnownFileType = sourcecode.swift; path = "SketchSession+Edit.swift"; sourceTree = "<group>"; };
		542BB2CC5B625AFE33908AA5 /* StatusBar.swift */ = {isa = PBXFileReference; lastKnownFileType = sourcecode.swift; path = StatusBar.swift; sourceTree = "<group>"; };
		54EE962FA7CFBEA7427A80E8 /* JointCommand.swift */ = {isa = PBXFileReference; lastKnownFileType = sourcecode.swift; path = JointCommand.swift; sourceTree = "<group>"; };
		55A384B92C6A6894EA9A5831 /* SketchSession.swift */ = {isa = PBXFileReference; lastKnownFileType = sourcecode.swift; path = SketchSession.swift; sourceTree = "<group>"; };
		56D04A4DB715945B73E88E2B /* PartColorPicker.swift */ = {isa = PBXFileReference; lastKnownFileType = sourcecode.swift; path = PartColorPicker.swift; sourceTree = "<group>"; };
		57A3CFA4BA9DB66DB41AE96B /* FeatureCommands.swift */ = {isa = PBXFileReference; lastKnownFileType = sourcecode.swift; path = FeatureCommands.swift; sourceTree = "<group>"; };
		5B20A8FC97A9ABF79AEA9CD6 /* DesignModel.swift */ = {isa = PBXFileReference; lastKnownFileType = sourcecode.swift; path = DesignModel.swift; sourceTree = "<group>"; };
		5CAB5E2F59180CD118CF8961 /* .gitkeep */ = {isa = PBXFileReference; path = .gitkeep; sourceTree = "<group>"; };
		5E94E0B183AD74A6A1329FA5 /* AssistantPanel.swift */ = {isa = PBXFileReference; lastKnownFileType = sourcecode.swift; path = AssistantPanel.swift; sourceTree = "<group>"; };
		62D38757828F98D2737425CF /* CADToolCatalog.swift */ = {isa = PBXFileReference; lastKnownFileType = sourcecode.swift; path = CADToolCatalog.swift; sourceTree = "<group>"; };
		63320AFB5B8D43EF4528E264 /* PatternCommand.swift */ = {isa = PBXFileReference; lastKnownFileType = sourcecode.swift; path = PatternCommand.swift; sourceTree = "<group>"; };
		63F1CB0CE719F5602AD0E76E /* PrivacyInfo.xcprivacy */ = {isa = PBXFileReference; path = PrivacyInfo.xcprivacy; sourceTree = "<group>"; };
		642773DA2D59B0B1CE8A43A0 /* ProjectLibrary.swift */ = {isa = PBXFileReference; lastKnownFileType = sourcecode.swift; path = ProjectLibrary.swift; sourceTree = "<group>"; };
		674F82AB15EE87E1E87FF63E /* InspectorPanel.swift */ = {isa = PBXFileReference; lastKnownFileType = sourcecode.swift; path = InspectorPanel.swift; sourceTree = "<group>"; };
		6817EF5D8EFE4F1E0BA17D10 /* CircuitModel+Fabrication.swift */ = {isa = PBXFileReference; lastKnownFileType = sourcecode.swift; path = "CircuitModel+Fabrication.swift"; sourceTree = "<group>"; };
		6AE9B4B0B09E1D3297102FD0 /* SketchStore.swift */ = {isa = PBXFileReference; lastKnownFileType = sourcecode.swift; path = SketchStore.swift; sourceTree = "<group>"; };
		6DF6A1F3233CD0230ACA6D4F /* CommandPanel.swift */ = {isa = PBXFileReference; lastKnownFileType = sourcecode.swift; path = CommandPanel.swift; sourceTree = "<group>"; };
		757F7069AB30F77F4CFBE67F /* ElectronicsCore */ = {isa = PBXFileReference; lastKnownFileType = folder; name = ElectronicsCore; path = Packages/ElectronicsCore; sourceTree = SOURCE_ROOT; };
		7F70EE3853262F3E9B036C38 /* CommandPanelPreviews.swift */ = {isa = PBXFileReference; lastKnownFileType = sourcecode.swift; path = CommandPanelPreviews.swift; sourceTree = "<group>"; };
		82A81CD8EBB1FFBE3F89DC77 /* CircuitSchematicView.swift */ = {isa = PBXFileReference; lastKnownFileType = sourcecode.swift; path = CircuitSchematicView.swift; sourceTree = "<group>"; };
		85701B6094A1266E30BAB2C6 /* FabricationSheet.swift */ = {isa = PBXFileReference; lastKnownFileType = sourcecode.swift; path = FabricationSheet.swift; sourceTree = "<group>"; };
		86A604770FA67CFFA12BACDB /* ViewCube.swift */ = {isa = PBXFileReference; lastKnownFileType = sourcecode.swift; path = ViewCube.swift; sourceTree = "<group>"; };
		891E4E944492E6539912AE18 /* MCPHost.swift */ = {isa = PBXFileReference; lastKnownFileType = sourcecode.swift; path = MCPHost.swift; sourceTree = "<group>"; };
		8A79D033E48D1FC6B0898162 /* CADCore */ = {isa = PBXFileReference; lastKnownFileType = folder; name = CADCore; path = Packages/CADCore; sourceTree = SOURCE_ROOT; };
		8ACF2F56948E53B401DAEA56 /* HomeView.swift */ = {isa = PBXFileReference; lastKnownFileType = sourcecode.swift; path = HomeView.swift; sourceTree = "<group>"; };
		8B8A33442A4596CDA241E197 /* CommandSession.swift */ = {isa = PBXFileReference; lastKnownFileType = sourcecode.swift; path = CommandSession.swift; sourceTree = "<group>"; };
		8CDAC622763B58001C57E74E /* ftk-mcp */ = {isa = PBXFileReference; includeInIndex = 0; path = "ftk-mcp"; sourceTree = BUILT_PRODUCTS_DIR; };
		8F95BC8662BF24C8B33D5708 /* SketchInspector.swift */ = {isa = PBXFileReference; lastKnownFileType = sourcecode.swift; path = SketchInspector.swift; sourceTree = "<group>"; };
		916C7BCF2D3CEE602A6F6315 /* ToolBridge.swift */ = {isa = PBXFileReference; lastKnownFileType = sourcecode.swift; path = ToolBridge.swift; sourceTree = "<group>"; };
		943EB272622A8A5AAC6E74FB /* MatrixMath.swift */ = {isa = PBXFileReference; lastKnownFileType = sourcecode.swift; path = MatrixMath.swift; sourceTree = "<group>"; };
		9B0BB7CA7969F5BD659BC413 /* JointDrag.swift */ = {isa = PBXFileReference; lastKnownFileType = sourcecode.swift; path = JointDrag.swift; sourceTree = "<group>"; };
		A540789F432133B207D141A0 /* Theme.swift */ = {isa = PBXFileReference; lastKnownFileType = sourcecode.swift; path = Theme.swift; sourceTree = "<group>"; };
		A69F83B72EF950E07F08E816 /* CircuitModel+Tools.swift */ = {isa = PBXFileReference; lastKnownFileType = sourcecode.swift; path = "CircuitModel+Tools.swift"; sourceTree = "<group>"; };
		A9BEB34B278C455C5F585591 /* LibraryImportSheet.swift */ = {isa = PBXFileReference; lastKnownFileType = sourcecode.swift; path = LibraryImportSheet.swift; sourceTree = "<group>"; };
		ADF9849BD6F001008766D793 /* PressPullCommand.swift */ = {isa = PBXFileReference; lastKnownFileType = sourcecode.swift; path = PressPullCommand.swift; sourceTree = "<group>"; };
		B072E2898F0A20B8861C13F8 /* GeoSelection.swift */ = {isa = PBXFileReference; lastKnownFileType = sourcecode.swift; path = GeoSelection.swift; sourceTree = "<group>"; };
		B10B7DAAA5C2972E239820E7 /* SketchSession+Constraints.swift */ = {isa = PBXFileReference; lastKnownFileType = sourcecode.swift; path = "SketchSession+Constraints.swift"; sourceTree = "<group>"; };
		B14495155DD83797A3825D23 /* DrawingWindow.swift */ = {isa = PBXFileReference; lastKnownFileType = sourcecode.swift; path = DrawingWindow.swift; sourceTree = "<group>"; };
		B36674A4AEA82A186CABEBEB /* WorkspaceView.swift */ = {isa = PBXFileReference; lastKnownFileType = sourcecode.swift; path = WorkspaceView.swift; sourceTree = "<group>"; };
		B8B4F44DB320DEEB502074D8 /* CombineCommand.swift */ = {isa = PBXFileReference; lastKnownFileType = sourcecode.swift; path = CombineCommand.swift; sourceTree = "<group>"; };
		BA7F9CA32B4FE85A6EF88EC1 /* CADTakeoffImportProject.manifest */ = {isa = PBXFileReference; path = CADTakeoffImportProject.manifest; sourceTree = "<group>"; };
		BBD53B10C72D20DE93348377 /* ClaudeProvider.swift */ = {isa = PBXFileReference; lastKnownFileType = sourcecode.swift; path = ClaudeProvider.swift; sourceTree = "<group>"; };
		BDE96AD369C37C4EFF3F264C /* ShaderSource.swift */ = {isa = PBXFileReference; lastKnownFileType = sourcecode.swift; path = ShaderSource.swift; sourceTree = "<group>"; };
		BF1A31336F1CC0A7C4E7D00F /* FusionTakeoff.app */ = {isa = PBXFileReference; explicitFileType = wrapper.application; includeInIndex = 0; path = FusionTakeoff.app; sourceTree = BUILT_PRODUCTS_DIR; };
		C4F1938525A46708F9F642CA /* ToolRouter.swift */ = {isa = PBXFileReference; lastKnownFileType = sourcecode.swift; path = ToolRouter.swift; sourceTree = "<group>"; };
		C69E2616D246AEA66F7ECC38 /* AppleIntelligenceProvider.swift */ = {isa = PBXFileReference; lastKnownFileType = sourcecode.swift; path = AppleIntelligenceProvider.swift; sourceTree = "<group>"; };
		C93A08B31D6229F004EC44D1 /* DesignModel+Files.swift */ = {isa = PBXFileReference; lastKnownFileType = sourcecode.swift; path = "DesignModel+Files.swift"; sourceTree = "<group>"; };
		CA251AD54A99FF5A9A16C764 /* Keychain.swift */ = {isa = PBXFileReference; lastKnownFileType = sourcecode.swift; path = Keychain.swift; sourceTree = "<group>"; };
		CE04E5C771D6558145AEF42B /* OpenAIProvider.swift */ = {isa = PBXFileReference; lastKnownFileType = sourcecode.swift; path = OpenAIProvider.swift; sourceTree = "<group>"; };
		D067A2E9C4BB917828D77F92 /* MoveCommand.swift */ = {isa = PBXFileReference; lastKnownFileType = sourcecode.swift; path = MoveCommand.swift; sourceTree = "<group>"; };
		D15DE039BD31C92AE427C66E /* TimelineBar.swift */ = {isa = PBXFileReference; lastKnownFileType = sourcecode.swift; path = TimelineBar.swift; sourceTree = "<group>"; };
		D5B2262B19DCE84C9BF60C57 /* WorkspaceState.swift */ = {isa = PBXFileReference; lastKnownFileType = sourcecode.swift; path = WorkspaceState.swift; sourceTree = "<group>"; };
		D65234D73DDB270D86ADBB51 /* Assets.xcassets */ = {isa = PBXFileReference; lastKnownFileType = folder.assetcatalog; path = Assets.xcassets; sourceTree = "<group>"; };
		DA831E610F555E8A4BC81923 /* AssistantSession.swift */ = {isa = PBXFileReference; lastKnownFileType = sourcecode.swift; path = AssistantSession.swift; sourceTree = "<group>"; };
		DD59C218754E0D11BA7F1DD8 /* Camera.swift */ = {isa = PBXFileReference; lastKnownFileType = sourcecode.swift; path = Camera.swift; sourceTree = "<group>"; };
		DFE879D6C00C0DC93695E617 /* DesignModel+Tools.swift */ = {isa = PBXFileReference; lastKnownFileType = sourcecode.swift; path = "DesignModel+Tools.swift"; sourceTree = "<group>"; };
		E739A2954E6A9A303F24F96F /* SketchCommands.swift */ = {isa = PBXFileReference; lastKnownFileType = sourcecode.swift; path = SketchCommands.swift; sourceTree = "<group>"; };
		E8DCACC31C8A1D1083704390 /* Ribbon.swift */ = {isa = PBXFileReference; lastKnownFileType = sourcecode.swift; path = Ribbon.swift; sourceTree = "<group>"; };
		E98CD345010D437D5502B155 /* SheetMetalCommand.swift */ = {isa = PBXFileReference; lastKnownFileType = sourcecode.swift; path = SheetMetalCommand.swift; sourceTree = "<group>"; };
		EB6B876F0661B437E6E2EEA8 /* OpenAIStream.swift */ = {isa = PBXFileReference; lastKnownFileType = sourcecode.swift; path = OpenAIStream.swift; sourceTree = "<group>"; };
		ECA78FC8697B5F2DF68671D9 /* AssistantSettings.swift */ = {isa = PBXFileReference; lastKnownFileType = sourcecode.swift; path = AssistantSettings.swift; sourceTree = "<group>"; };
		EEFA7766810275F652983FA1 /* LocalHTTPTransport.swift */ = {isa = PBXFileReference; lastKnownFileType = sourcecode.swift; path = LocalHTTPTransport.swift; sourceTree = "<group>"; };
		F1A5F02CE2EF0AEDD8D86251 /* CircuitModel.swift */ = {isa = PBXFileReference; lastKnownFileType = sourcecode.swift; path = CircuitModel.swift; sourceTree = "<group>"; };
		F2A9B625C6D5BB0B98229004 /* ClaudeDesktopSetup.swift */ = {isa = PBXFileReference; lastKnownFileType = sourcecode.swift; path = ClaudeDesktopSetup.swift; sourceTree = "<group>"; };
		F40BA080C6FA5B579B4B966B /* ViewportRenderer.swift */ = {isa = PBXFileReference; lastKnownFileType = sourcecode.swift; path = ViewportRenderer.swift; sourceTree = "<group>"; };
		F4162A22E891E76FD9B0E6CA /* BrowserPanel.swift */ = {isa = PBXFileReference; lastKnownFileType = sourcecode.swift; path = BrowserPanel.swift; sourceTree = "<group>"; };
		F5210093687F0306F5DD6656 /* ParametersSheet.swift */ = {isa = PBXFileReference; lastKnownFileType = sourcecode.swift; path = ParametersSheet.swift; sourceTree = "<group>"; };
		F52A8C1E9BF15F48F6FB5FA8 /* Esempio circuito.ftkc */ = {isa = PBXFileReference; path = "Esempio circuito.ftkc"; sourceTree = "<group>"; };
		F565E8DD894590B674296FD8 /* ChamferCommand.swift */ = {isa = PBXFileReference; lastKnownFileType = sourcecode.swift; path = ChamferCommand.swift; sourceTree = "<group>"; };
		F81146D05AB6550033CA0390 /* ThumbnailRenderer.swift */ = {isa = PBXFileReference; lastKnownFileType = sourcecode.swift; path = ThumbnailRenderer.swift; sourceTree = "<group>"; };
		FA91E1AA38E2315A59B0A4AF /* HoleCommand.swift */ = {isa = PBXFileReference; lastKnownFileType = sourcecode.swift; path = HoleCommand.swift; sourceTree = "<group>"; };
		FB8505013537F19DABD1503A /* CADToolValidation.swift */ = {isa = PBXFileReference; lastKnownFileType = sourcecode.swift; path = CADToolValidation.swift; sourceTree = "<group>"; };
		FBE73A74E138A56A42C4B126 /* AssistantProvider.swift */ = {isa = PBXFileReference; lastKnownFileType = sourcecode.swift; path = AssistantProvider.swift; sourceTree = "<group>"; };
/* End PBXFileReference section */

/* Begin PBXFrameworksBuildPhase section */
		A1B2E5B4989FE8AE9267A69F /* Frameworks */ = {
			isa = PBXFrameworksBuildPhase;
			buildActionMask = 2147483647;
			files = (
				DCFE43EEC46D1E81506AAC2D /* CADCore in Frameworks */,
				5FBABD8617F13347CE64DDA1 /* ElectronicsCore in Frameworks */,
			);
			runOnlyForDeploymentPostprocessing = 0;
		};
/* End PBXFrameworksBuildPhase section */

/* Begin PBXGroup section */
		011445657638D0CB7399DB23 /* ChatGPT */ = {
			isa = PBXGroup;
			children = (
				01192770DA5C6CA750312AB6 /* ChatGPTConnector.swift */,
			);
			path = ChatGPT;
			sourceTree = "<group>";
		};
		0ED90DE497BF835BB64B46EF /* Viewport */ = {
			isa = PBXGroup;
			children = (
				DD59C218754E0D11BA7F1DD8 /* Camera.swift */,
				943EB272622A8A5AAC6E74FB /* MatrixMath.swift */,
				32F5B171C498A222AE59BB15 /* MetalViewport.swift */,
				4A1E9EAC4951BAF080CE4885 /* Picking.swift */,
				BDE96AD369C37C4EFF3F264C /* ShaderSource.swift */,
				86A604770FA67CFFA12BACDB /* ViewCube.swift */,
				107E7A72ACBBD8A3E6C64783 /* ViewportContainer.swift */,
				F40BA080C6FA5B579B4B966B /* ViewportRenderer.swift */,
			);
			path = Viewport;
			sourceTree = "<group>";
		};
		26C7C9DD55E050CEFB7AF156 /* Resources */ = {
			isa = PBXGroup;
			children = (
				5CAB5E2F59180CD118CF8961 /* .gitkeep */,
				D65234D73DDB270D86ADBB51 /* Assets.xcassets */,
				63F1CB0CE719F5602AD0E76E /* PrivacyInfo.xcprivacy */,
				BB3D9C4A6645731EFE0419A5 /* Circuiti */,
				E4B1A91129EF63A88EF293AD /* FusionAddIn */,
			);
			path = Resources;
			sourceTree = "<group>";
		};
		380715AF1B4BA8FF0C739174 /* Drawing */ = {
			isa = PBXGroup;
			children = (
				B14495155DD83797A3825D23 /* DrawingWindow.swift */,
			);
			path = Drawing;
			sourceTree = "<group>";
		};
		39B53D46C97E3206C9264EE3 /* Sources */ = {
			isa = PBXGroup;
			children = (
				AA8D95774AF47AE5E3C3E599 /* Integration */,
				E472DF5F5C48EA9E07E6CFC4 /* Model */,
				7318D4B52E83AA93AF080D4A /* UI */,
			);
			path = Sources;
			sourceTree = "<group>";
		};
		3DDE5FAF77543C0C903FC4AC /* Sketch */ = {
			isa = PBXGroup;
			children = (
				E739A2954E6A9A303F24F96F /* SketchCommands.swift */,
				8F95BC8662BF24C8B33D5708 /* SketchInspector.swift */,
				55A384B92C6A6894EA9A5831 /* SketchSession.swift */,
				B10B7DAAA5C2972E239820E7 /* SketchSession+Constraints.swift */,
				5018C0134761E9A7DB53FF11 /* SketchSession+Edit.swift */,
			);
			path = Sketch;
			sourceTree = "<group>";
		};
		43EAA6447D566CA8D86F3361 /* Electronics */ = {
			isa = PBXGroup;
			children = (
				82A81CD8EBB1FFBE3F89DC77 /* CircuitSchematicView.swift */,
				0431B3B1382987169BEB697A /* CircuitWorkspace.swift */,
				85701B6094A1266E30BAB2C6 /* FabricationSheet.swift */,
				A9BEB34B278C455C5F585591 /* LibraryImportSheet.swift */,
			);
			path = Electronics;
			sourceTree = "<group>";
		};
		44C6B64A6339651A73120B39 /* Packages */ = {
			isa = PBXGroup;
			children = (
				8A79D033E48D1FC6B0898162 /* CADCore */,
				757F7069AB30F77F4CFBE67F /* ElectronicsCore */,
			);
			path = Packages;
			sourceTree = "<group>";
		};
		4E69D514B4A72A1E1F8C7F04 /* CADTakeoffImportProject */ = {
			isa = PBXGroup;
			children = (
				BA7F9CA32B4FE85A6EF88EC1 /* CADTakeoffImportProject.manifest */,
				3079339A5B2AB1E6EFB76050 /* CADTakeoffImportProject.py */,
			);
			path = CADTakeoffImportProject;
			sourceTree = "<group>";
		};
		5DB1C90B5FC83D575038CE3E /* DesignSystem */ = {
			isa = PBXGroup;
			children = (
				A540789F432133B207D141A0 /* Theme.swift */,
			);
			path = DesignSystem;
			sourceTree = "<group>";
		};
		61600059F9C8CAB7E834B5C3 /* Products */ = {
			isa = PBXGroup;
			children = (
				8CDAC622763B58001C57E74E /* ftk-mcp */,
				BF1A31336F1CC0A7C4E7D00F /* FusionTakeoff.app */,
			);
			name = Products;
			sourceTree = "<group>";
		};
		7318D4B52E83AA93AF080D4A /* UI */ = {
			isa = PBXGroup;
			children = (
				069D2799753CD573213F79CB /* AppVersion.swift */,
				00D1B5C7164014C07C5C31BC /* FusionTakeoffApp.swift */,
				73C1EBFC2DD0A1230910F42D /* Assembly */,
				785E63BA1C7AEB7EF9F2E4AD /* Assistant */,
				F4C74464F3687349A61C6F69 /* Command */,
				F1472CEAADDAA3A83F7D7939 /* Commands */,
				7FE45933726A07271F041C97 /* Connectors */,
				5DB1C90B5FC83D575038CE3E /* DesignSystem */,
				380715AF1B4BA8FF0C739174 /* Drawing */,
				43EAA6447D566CA8D86F3361 /* Electronics */,
				7A8C1A0EDA4C545CE9572D01 /* Features */,
				7C49791EA814007E5DEA23D0 /* Home */,
				AFDE5F6EC0E12C1023FBFC61 /* Previews */,
				A3A5D1508574B5B604AD5C7B /* Selection */,
				3DDE5FAF77543C0C903FC4AC /* Sketch */,
				0ED90DE497BF835BB64B46EF /* Viewport */,
				EBF7FA287516A5F3EE980E3C /* Workspace */,
			);
			path = UI;
			sourceTree = "<group>";
		};
		73C1EBFC2DD0A1230910F42D /* Assembly */ = {
			isa = PBXGroup;
			children = (
				38ABEE7B1E91745FFECD06FF /* AssemblySheets.swift */,
			);
			path = Assembly;
			sourceTree = "<group>";
		};
		785E63BA1C7AEB7EF9F2E4AD /* Assistant */ = {
			isa = PBXGroup;
			children = (
				5E94E0B183AD74A6A1329FA5 /* AssistantPanel.swift */,
				ECA78FC8697B5F2DF68671D9 /* AssistantSettings.swift */,
			);
			path = Assistant;
			sourceTree = "<group>";
		};
		79EE699ACBBB6969A0CAA525 /* Electronics */ = {
			isa = PBXGroup;
			children = (
				F1A5F02CE2EF0AEDD8D86251 /* CircuitModel.swift */,
				6817EF5D8EFE4F1E0BA17D10 /* CircuitModel+Fabrication.swift */,
				1910760B5F8D7EDB7F9D1502 /* CircuitModel+PCB.swift */,
				0D7E4062145A9A8EA45189EC /* CircuitModel+Rules.swift */,
				4A22EDDA6CFE7BB109C9224B /* CircuitModel+Schematic.swift */,
				A69F83B72EF950E07F08E816 /* CircuitModel+Tools.swift */,
				4DD2A927FBE8EEC2336A952B /* CircuitModel+Zones.swift */,
			);
			path = Electronics;
			sourceTree = "<group>";
		};
		7A8C1A0EDA4C545CE9572D01 /* Features */ = {
			isa = PBXGroup;
			children = (
				F565E8DD894590B674296FD8 /* ChamferCommand.swift */,
				B8B4F44DB320DEEB502074D8 /* CombineCommand.swift */,
				14BCB1CCAA2E691590A08FFD /* DistanceManipulator.swift */,
				0B64F683EF67CA5B65DCDA84 /* ExplodeCommand.swift */,
				FA91E1AA38E2315A59B0A4AF /* HoleCommand.swift */,
				54EE962FA7CFBEA7427A80E8 /* JointCommand.swift */,
				9B0BB7CA7969F5BD659BC413 /* JointDrag.swift */,
				D067A2E9C4BB917828D77F92 /* MoveCommand.swift */,
				63320AFB5B8D43EF4528E264 /* PatternCommand.swift */,
				ADF9849BD6F001008766D793 /* PressPullCommand.swift */,
				E98CD345010D437D5502B155 /* SheetMetalCommand.swift */,
				388E65A3410FB91CB09F5B4C /* ShellCommand.swift */,
				29E1FFCD691A84818C3BCE5A /* SplitCommand.swift */,
			);
			path = Features;
			sourceTree = "<group>";
		};
		7C49791EA814007E5DEA23D0 /* Home */ = {
			isa = PBXGroup;
			children = (
				8ACF2F56948E53B401DAEA56 /* HomeView.swift */,
			);
			path = Home;
			sourceTree = "<group>";
		};
		7FE45933726A07271F041C97 /* Connectors */ = {
			isa = PBXGroup;
			children = (
				4CE13560ABCD7C97EACB57FC /* ChatGPTSetupView.swift */,
				F2A9B625C6D5BB0B98229004 /* ClaudeDesktopSetup.swift */,
				3CD86656AEFB6BC95A8C96A9 /* ConnectorsPanel.swift */,
			);
			path = Connectors;
			sourceTree = "<group>";
		};
		9471C69835015BE9175391CA /* Tools */ = {
			isa = PBXGroup;
			children = (
				62D38757828F98D2737425CF /* CADToolCatalog.swift */,
				FB8505013537F19DABD1503A /* CADToolValidation.swift */,
				DFE879D6C00C0DC93695E617 /* DesignModel+Tools.swift */,
			);
			path = Tools;
			sourceTree = "<group>";
		};
		A3A5D1508574B5B604AD5C7B /* Selection */ = {
			isa = PBXGroup;
			children = (
				B072E2898F0A20B8861C13F8 /* GeoSelection.swift */,
			);
			path = Selection;
			sourceTree = "<group>";
		};
		A50F4E921D0488F27C78EA67 /* Tools */ = {
			isa = PBXGroup;
			children = (
				F87473E6F0B837E3EAD3F6D9 /* ftk-mcp */,
			);
			path = Tools;
			sourceTree = "<group>";
		};
		A7FBBE3A83FD516521BFF35A /* App */ = {
			isa = PBXGroup;
			children = (
				26C7C9DD55E050CEFB7AF156 /* Resources */,
				39B53D46C97E3206C9264EE3 /* Sources */,
			);
			path = App;
			sourceTree = "<group>";
		};
		AA8D95774AF47AE5E3C3E599 /* Integration */ = {
			isa = PBXGroup;
			children = (
				916C7BCF2D3CEE602A6F6315 /* ToolBridge.swift */,
				C4F1938525A46708F9F642CA /* ToolRouter.swift */,
				D28CC5D85A0D89C8D43C4863 /* Assistant */,
				011445657638D0CB7399DB23 /* ChatGPT */,
				D3F0123D6FED862F64A44184 /* MCP */,
				CA34383F3429FF051303E38A /* OpenAI */,
				E54D06769E79DD9CC57427D9 /* Projects */,
			);
			path = Integration;
			sourceTree = "<group>";
		};
		AFDE5F6EC0E12C1023FBFC61 /* Previews */ = {
			isa = PBXGroup;
			children = (
				7F70EE3853262F3E9B036C38 /* CommandPanelPreviews.swift */,
			);
			path = Previews;
			sourceTree = "<group>";
		};
		BB3D9C4A6645731EFE0419A5 /* Circuiti */ = {
			isa = PBXGroup;
			children = (
				F52A8C1E9BF15F48F6FB5FA8 /* Esempio circuito.ftkc */,
			);
			path = Circuiti;
			sourceTree = "<group>";
		};
		CA34383F3429FF051303E38A /* OpenAI */ = {
			isa = PBXGroup;
			children = (
				0D62E0F75CF5CB298CD5B22F /* OpenAIConversation.swift */,
				CE04E5C771D6558145AEF42B /* OpenAIProvider.swift */,
				EB6B876F0661B437E6E2EEA8 /* OpenAIStream.swift */,
			);
			path = OpenAI;
			sourceTree = "<group>";
		};
		D28CC5D85A0D89C8D43C4863 /* Assistant */ = {
			isa = PBXGroup;
			children = (
				0C2A030D32CF1A0BBDAFD07B /* AnthropicStream.swift */,
				C69E2616D246AEA66F7ECC38 /* AppleIntelligenceProvider.swift */,
				FBE73A74E138A56A42C4B126 /* AssistantProvider.swift */,
				DA831E610F555E8A4BC81923 /* AssistantSession.swift */,
				BBD53B10C72D20DE93348377 /* ClaudeProvider.swift */,
				CA251AD54A99FF5A9A16C764 /* Keychain.swift */,
			);
			path = Assistant;
			sourceTree = "<group>";
		};
		D3F0123D6FED862F64A44184 /* MCP */ = {
			isa = PBXGroup;
			children = (
				EEFA7766810275F652983FA1 /* LocalHTTPTransport.swift */,
				891E4E944492E6539912AE18 /* MCPHost.swift */,
				1D2872A72642BACF8A561EBB /* MCPServer.swift */,
			);
			path = MCP;
			sourceTree = "<group>";
		};
		E472DF5F5C48EA9E07E6CFC4 /* Model */ = {
			isa = PBXGroup;
			children = (
				5B20A8FC97A9ABF79AEA9CD6 /* DesignModel.swift */,
				79EE699ACBBB6969A0CAA525 /* Electronics */,
				9471C69835015BE9175391CA /* Tools */,
			);
			path = Model;
			sourceTree = "<group>";
		};
		E4B1A91129EF63A88EF293AD /* FusionAddIn */ = {
			isa = PBXGroup;
			children = (
				3770472710CAC4D5EE4F671D /* fusion_history.py */,
				2AE35C58D55633793752EC0A /* FusionTakeoffExport.manifest */,
				3ECE718E5B72F020F3210669 /* FusionTakeoffExport.py */,
				4E69D514B4A72A1E1F8C7F04 /* CADTakeoffImportProject */,
			);
			path = FusionAddIn;
			sourceTree = "<group>";
		};
		E54D06769E79DD9CC57427D9 /* Projects */ = {
			isa = PBXGroup;
			children = (
				C93A08B31D6229F004EC44D1 /* DesignModel+Files.swift */,
				15AE2553C670B5E2BE5C6306 /* FusionAddInInstaller.swift */,
				642773DA2D59B0B1CE8A43A0 /* ProjectLibrary.swift */,
				6AE9B4B0B09E1D3297102FD0 /* SketchStore.swift */,
				F81146D05AB6550033CA0390 /* ThumbnailRenderer.swift */,
			);
			path = Projects;
			sourceTree = "<group>";
		};
		E8E3A8DCB6FD110468238FDE = {
			isa = PBXGroup;
			children = (
				A7FBBE3A83FD516521BFF35A /* App */,
				44C6B64A6339651A73120B39 /* Packages */,
				A50F4E921D0488F27C78EA67 /* Tools */,
				61600059F9C8CAB7E834B5C3 /* Products */,
			);
			sourceTree = "<group>";
		};
		EBF7FA287516A5F3EE980E3C /* Workspace */ = {
			isa = PBXGroup;
			children = (
				F4162A22E891E76FD9B0E6CA /* BrowserPanel.swift */,
				14F28DA722F5CEA29D56B8C6 /* DesignTabs.swift */,
				674F82AB15EE87E1E87FF63E /* InspectorPanel.swift */,
				F5210093687F0306F5DD6656 /* ParametersSheet.swift */,
				56D04A4DB715945B73E88E2B /* PartColorPicker.swift */,
				E8DCACC31C8A1D1083704390 /* Ribbon.swift */,
				542BB2CC5B625AFE33908AA5 /* StatusBar.swift */,
				D15DE039BD31C92AE427C66E /* TimelineBar.swift */,
				D5B2262B19DCE84C9BF60C57 /* WorkspaceState.swift */,
				B36674A4AEA82A186CABEBEB /* WorkspaceView.swift */,
			);
			path = Workspace;
			sourceTree = "<group>";
		};
		F1472CEAADDAA3A83F7D7939 /* Commands */ = {
			isa = PBXGroup;
			children = (
				28E853D121D28F163F7809FD /* UndoRouter.swift */,
			);
			path = Commands;
			sourceTree = "<group>";
		};
		F4C74464F3687349A61C6F69 /* Command */ = {
			isa = PBXGroup;
			children = (
				6DF6A1F3233CD0230ACA6D4F /* CommandPanel.swift */,
				8B8A33442A4596CDA241E197 /* CommandSession.swift */,
				57A3CFA4BA9DB66DB41AE96B /* FeatureCommands.swift */,
			);
			path = Command;
			sourceTree = "<group>";
		};
		F87473E6F0B837E3EAD3F6D9 /* ftk-mcp */ = {
			isa = PBXGroup;
			children = (
				22C2A70420F010AE7D6A1393 /* main.swift */,
			);
			path = "ftk-mcp";
			sourceTree = "<group>";
		};
/* End PBXGroup section */

/* Begin PBXNativeTarget section */
		21E18A2EAA4445205B33E5D9 /* FusionTakeoff */ = {
			isa = PBXNativeTarget;
			buildConfigurationList = 95E227F3C5A780CCB4B1D93B /* Build configuration list for PBXNativeTarget "FusionTakeoff" */;
			buildPhases = (
				31CEDEF2C9F90F41AD0A6EB9 /* Sources */,
				86DDAB604F548008CFD459E3 /* Resources */,
				A1B2E5B4989FE8AE9267A69F /* Frameworks */,
				F26181B479C639D4162F3C29 /* Embed Dependencies */,
				E7F5E8B753C77B4EFF6D6B23 /* Stamp version */,
			);
			buildRules = (
			);
			dependencies = (
				9B6230F9E12CF71E50B48D54 /* PBXTargetDependency */,
			);
			name = FusionTakeoff;
			packageProductDependencies = (
				DDA8176070A4C4FA3CF13B40 /* CADCore */,
				94BE0555CADC49A52D81E724 /* ElectronicsCore */,
			);
			productName = FusionTakeoff;
			productReference = BF1A31336F1CC0A7C4E7D00F /* FusionTakeoff.app */;
			productType = "com.apple.product-type.application";
		};
		DFCBD29B1FFBA977A3959FA1 /* ftk-mcp */ = {
			isa = PBXNativeTarget;
			buildConfigurationList = 59017358A38C592CBA6081F7 /* Build configuration list for PBXNativeTarget "ftk-mcp" */;
			buildPhases = (
				E2688A501D4874F31F3C057F /* Sources */,
			);
			buildRules = (
			);
			dependencies = (
			);
			name = "ftk-mcp";
			packageProductDependencies = (
			);
			productName = "ftk-mcp";
			productReference = 8CDAC622763B58001C57E74E /* ftk-mcp */;
			productType = "com.apple.product-type.tool";
		};
/* End PBXNativeTarget section */

/* Begin PBXProject section */
		AEBFCDC4C367902AFEE4310B /* Project object */ = {
			isa = PBXProject;
			attributes = {
				BuildIndependentTargetsInParallel = YES;
				LastUpgradeCheck = 1430;
				TargetAttributes = {
					21E18A2EAA4445205B33E5D9 = {
						DevelopmentTeam = 9F8D583GBV;
						ProvisioningStyle = Manual;
					};
					DFCBD29B1FFBA977A3959FA1 = {
						DevelopmentTeam = 9F8D583GBV;
						ProvisioningStyle = Manual;
					};
				};
			};
			buildConfigurationList = 5D6DD517F34C131F581C1A78 /* Build configuration list for PBXProject "FusionTakeoff" */;
			compatibilityVersion = "Xcode 14.0";
			developmentRegion = en;
			hasScannedForEncodings = 0;
			knownRegions = (
				Base,
				en,
			);
			mainGroup = E8E3A8DCB6FD110468238FDE;
			minimizedProjectReferenceProxies = 1;
			packageReferences = (
				3B7839F5FE281FB6DCC3C3EB /* XCLocalSwiftPackageReference "Packages/CADCore" */,
				B761BA4743B7DE1F3F5B2A6F /* XCLocalSwiftPackageReference "Packages/ElectronicsCore" */,
			);
			preferredProjectObjectVersion = 77;
			projectDirPath = "";
			projectRoot = "";
			targets = (
				21E18A2EAA4445205B33E5D9 /* FusionTakeoff */,
				DFCBD29B1FFBA977A3959FA1 /* ftk-mcp */,
			);
		};
/* End PBXProject section */

/* Begin PBXResourcesBuildPhase section */
		86DDAB604F548008CFD459E3 /* Resources */ = {
			isa = PBXResourcesBuildPhase;
			buildActionMask = 2147483647;
			files = (
				CE170F2CBCC50AEF128AC113 /* Assets.xcassets in Resources */,
				871A00C58DD6D28ADF201C37 /* CADTakeoffImportProject.manifest in Resources */,
				143812546439D97F9A094225 /* CADTakeoffImportProject.py in Resources */,
				FB69304B1841695A656592CD /* Esempio circuito.ftkc in Resources */,
				829B5A9129E9834A71A9F68C /* FusionTakeoffExport.manifest in Resources */,
				FE5900210908742F2680504F /* FusionTakeoffExport.py in Resources */,
				00F4B54DB5EC90153C2FA6BE /* PrivacyInfo.xcprivacy in Resources */,
				632024767AA11693D6157405 /* fusion_history.py in Resources */,
			);
			runOnlyForDeploymentPostprocessing = 0;
		};
/* End PBXResourcesBuildPhase section */

/* Begin PBXShellScriptBuildPhase section */
		E7F5E8B753C77B4EFF6D6B23 /* Stamp version */ = {
			isa = PBXShellScriptBuildPhase;
			alwaysOutOfDate = 1;
			buildActionMask = 2147483647;
			files = (
			);
			inputFileListPaths = (
			);
			inputPaths = (
			);
			name = "Stamp version";
			outputFileListPaths = (
			);
			outputPaths = (
			);
			runOnlyForDeploymentPostprocessing = 0;
			shellPath = /bin/sh;
			shellScript = "plist=\"$TARGET_BUILD_DIR/$INFOPLIST_PATH\"\ncommit=$(git -C \"$SRCROOT\" rev-parse --short HEAD 2>/dev/null || echo \"sconosciuto\")\nif [ -n \"$(git -C \"$SRCROOT\" status --porcelain --untracked-files=no 2>/dev/null)\" ]; then commit=\"$commit+\"; fi\nstamp=$(date \"+%Y-%m-%d %H:%M\")\n# Version = MARKETING_VERSION's major.minor + the commits since the series began: every\n# change committed is +1 (1.0.0 → 1.0.1), never edited by hand.\ncount=$(git -C \"$SRCROOT\" rev-list --count HEAD 2>/dev/null || echo 0)\nversion=\"$(echo \"$MARKETING_VERSION\" | cut -d. -f1-2).$(( count - ${FTK_SERIES_START:-0} ))\"\n/usr/libexec/PlistBuddy -c \"Set :CFBundleShortVersionString $version\" \"$plist\"\nfor pair in \"FTKCommit:$commit\" \"FTKBuildDate:$stamp\"; do\n  key=${pair%%:*}; value=${pair#*:}\n  /usr/libexec/PlistBuddy -c \"Set :$key $value\" \"$plist\" 2>/dev/null || /usr/libexec/PlistBuddy -c \"Add :$key string $value\" \"$plist\"\ndone\n";
		};
/* End PBXShellScriptBuildPhase section */

/* Begin PBXSourcesBuildPhase section */
		31CEDEF2C9F90F41AD0A6EB9 /* Sources */ = {
			isa = PBXSourcesBuildPhase;
			buildActionMask = 2147483647;
			files = (
				8D308AF90188E787036E54E3 /* AnthropicStream.swift in Sources */,
				6A10CC336BAEA35811826D10 /* AppVersion.swift in Sources */,
				374D3487F7C1E42058D55966 /* AppleIntelligenceProvider.swift in Sources */,
				A56B13EBDA846ABD85D547EE /* AssemblySheets.swift in Sources */,
				D13A88B158259CB5CBCA9E6E /* AssistantPanel.swift in Sources */,
				A356F40BEC0C7A4C5B4C19F1 /* AssistantProvider.swift in Sources */,
				0E767B03A5E12FC1C9C65E1E /* AssistantSession.swift in Sources */,
				479BA7F0547BB800519289F5 /* AssistantSettings.swift in Sources */,
				0B08FDCFD560B3F7E6B34565 /* BrowserPanel.swift in Sources */,
				4AF0F80F02AFC0EADE2DC571 /* CADToolCatalog.swift in Sources */,
				4C996C3025DEADD358451F17 /* CADToolValidation.swift in Sources */,
				9F5347637A122C50E1BABB0A /* Camera.swift in Sources */,
				9E390BBDAE0C6659CE5ECBC6 /* ChamferCommand.swift in Sources */,
				7A45829B787DC333268E4F31 /* ChatGPTConnector.swift in Sources */,
				B259CC5F1CAD6C4C03EC0C3D /* ChatGPTSetupView.swift in Sources */,
				80A196158C024C5AD959E030 /* CircuitModel+Fabrication.swift in Sources */,
				99BD3748892C2F30C9DCB2D8 /* CircuitModel+PCB.swift in Sources */,
				31399CA1BDEC34626648EB0E /* CircuitModel+Rules.swift in Sources */,
				5A5FE040EE1622D222CE7B85 /* CircuitModel+Schematic.swift in Sources */,
				29E3C72A4DD983975A5B94B1 /* CircuitModel+Tools.swift in Sources */,
				53B22475BB354319FB475D97 /* CircuitModel+Zones.swift in Sources */,
				373A61520DDA32DF06C8685D /* CircuitModel.swift in Sources */,
				6B565AFFC0F914F50DE7ED6C /* CircuitSchematicView.swift in Sources */,
				FB1220EDBC0CC9BCE61EE67E /* CircuitWorkspace.swift in Sources */,
				89CEEC9622670A06965A014E /* ClaudeDesktopSetup.swift in Sources */,
				E91C000FA839F7AAD962F2CD /* ClaudeProvider.swift in Sources */,
				E3BAFAA25CDBB181284B9024 /* CombineCommand.swift in Sources */,
				3F9B6C39C986BB88C4B7E079 /* CommandPanel.swift in Sources */,
				A41E5678F91219F1D8B237CE /* CommandPanelPreviews.swift in Sources */,
				865BB53D7E595B32EB7D5F09 /* CommandSession.swift in Sources */,
				1D1A43D30ABB4C6A139B7FA7 /* ConnectorsPanel.swift in Sources */,
				B48F98947A948B2AF41FEF8B /* DesignModel+Files.swift in Sources */,
				777BDBC9FE2323C253CECC23 /* DesignModel+Tools.swift in Sources */,
				DA96A4AB664D740100D0BECE /* DesignModel.swift in Sources */,
				7D2D8376A46E203FE6BCCADE /* DesignTabs.swift in Sources */,
				F5D93FEA053AC74BB3070910 /* DistanceManipulator.swift in Sources */,
				304D04CD63C2FE7DF6E093BD /* DrawingWindow.swift in Sources */,
				3F353536F6FC56921AE033E2 /* ExplodeCommand.swift in Sources */,
				AEF37A7CA87910F091905025 /* FabricationSheet.swift in Sources */,
				05EB1442F7FB9DCAABC5FE1B /* FeatureCommands.swift in Sources */,
				AAA7D793F67B8581E3683698 /* FusionAddInInstaller.swift in Sources */,
				78C8326AFABC33FCF9670163 /* FusionTakeoffApp.swift in Sources */,
				13A90DD582DD0DFADFC02690 /* GeoSelection.swift in Sources */,
				FE2BFC396A55BAC42977CD69 /* HoleCommand.swift in Sources */,
				6391BD7137C19D938C85F761 /* HomeView.swift in Sources */,
				BA4B4A5E328B8EC670C753FF /* InspectorPanel.swift in Sources */,
				05AF0F631125314979E5EABA /* JointCommand.swift in Sources */,
				52FCA1C625DC2574CBAD75F6 /* JointDrag.swift in Sources */,
				BD0AF8F40A31137795FDABBB /* Keychain.swift in Sources */,
				A92610AD0C21637B9D893572 /* LibraryImportSheet.swift in Sources */,
				5E7401FF1CD1FCB96A16B12E /* LocalHTTPTransport.swift in Sources */,
				9113C820EBF63C2BA4DC2010 /* MCPHost.swift in Sources */,
				E6AEE10EBD192FD2B549A582 /* MCPServer.swift in Sources */,
				F7378BBBE11BB02FC3E8FCF0 /* MatrixMath.swift in Sources */,
				17765BB4F943E5303AB4977B /* MetalViewport.swift in Sources */,
				3B556AEB2AA490F04E2ACC8F /* MoveCommand.swift in Sources */,
				33179EDE90F3611F14EC7AAF /* OpenAIConversation.swift in Sources */,
				E6A4CECA1B0657934C158404 /* OpenAIProvider.swift in Sources */,
				DD8A6431CB4C5743F04C9097 /* OpenAIStream.swift in Sources */,
				738BCE6360B6E88389CC0C25 /* ParametersSheet.swift in Sources */,
				276866352B05274ABB9B1948 /* PartColorPicker.swift in Sources */,
				DC033B9B3B5890AC57D182B5 /* PatternCommand.swift in Sources */,
				15B9E5F66063E99E492FD242 /* Picking.swift in Sources */,
				A0002A11F1A414BC0C7E68D3 /* PressPullCommand.swift in Sources */,
				3AC54D45E3D318B30B845B0B /* ProjectLibrary.swift in Sources */,
				2FC4825CD83EF05888764383 /* Ribbon.swift in Sources */,
				D8376DC2B3B2C7537A925E5D /* ShaderSource.swift in Sources */,
				94D9C9F09E67E17A68189E85 /* SheetMetalCommand.swift in Sources */,
				B1A5529266ECF311788CD40F /* ShellCommand.swift in Sources */,
				1FC83F9D76AE1F7D4E42C566 /* SketchCommands.swift in Sources */,
				2A7139A4FF0DB4587EE1B107 /* SketchInspector.swift in Sources */,
				2E9E1A85449505E8EE29A665 /* SketchSession+Constraints.swift in Sources */,
				6F8298EDA67F97F349B5DA81 /* SketchSession+Edit.swift in Sources */,
				CEBEC776C6B0ACDAEC98DA4D /* SketchSession.swift in Sources */,
				EA013203E3D46F7BFF6E1748 /* SketchStore.swift in Sources */,
				36BC8E66826F4BCED0F7E73B /* SplitCommand.swift in Sources */,
				5D43B61BB9B0A3E5112D894B /* StatusBar.swift in Sources */,
				95752245B5189B2C9F1A36A5 /* Theme.swift in Sources */,
				363309F9322A024E16F49312 /* ThumbnailRenderer.swift in Sources */,
				383B754E66B67F0BAE275228 /* TimelineBar.swift in Sources */,
				EC1229347F2E68CB13809EA2 /* ToolBridge.swift in Sources */,
				EB93176B42E913F0D0905F0B /* ToolRouter.swift in Sources */,
				2F1583AA3117428454D4F36B /* UndoRouter.swift in Sources */,
				CCBD9102B7D6DBA55DF94FBF /* ViewCube.swift in Sources */,
				CEAC8DC83C593F07FCDEF964 /* ViewportContainer.swift in Sources */,
				4AAB9328171BF27718973609 /* ViewportRenderer.swift in Sources */,
				C65CA1CC038EE303F8428FFB /* WorkspaceState.swift in Sources */,
				173E8EA9856E39D23FF924EC /* WorkspaceView.swift in Sources */,
			);
			runOnlyForDeploymentPostprocessing = 0;
		};
		E2688A501D4874F31F3C057F /* Sources */ = {
			isa = PBXSourcesBuildPhase;
			buildActionMask = 2147483647;
			files = (
				E4B462720F43A796681BA91D /* main.swift in Sources */,
			);
			runOnlyForDeploymentPostprocessing = 0;
		};
/* End PBXSourcesBuildPhase section */

/* Begin PBXTargetDependency section */
		9B6230F9E12CF71E50B48D54 /* PBXTargetDependency */ = {
			isa = PBXTargetDependency;
			target = DFCBD29B1FFBA977A3959FA1 /* ftk-mcp */;
			targetProxy = 44B11B2379A8C29B924B9F58 /* PBXContainerItemProxy */;
		};
/* End PBXTargetDependency section */

/* Begin XCBuildConfiguration section */
		481061AC256CB8350E35F9E0 /* Debug */ = {
			isa = XCBuildConfiguration;
			buildSettings = {
				ASSETCATALOG_COMPILER_APPICON_NAME = AppIcon;
				CODE_SIGN_ENTITLEMENTS = App/FusionTakeoff.entitlements;
				COMBINE_HIDPI_IMAGES = YES;
				ENABLE_USER_SCRIPT_SANDBOXING = NO;
				INFOPLIST_FILE = App/Info.plist;
				LD_RUNPATH_SEARCH_PATHS = (
					"$(inherited)",
					"@executable_path/../Frameworks",
				);
				PRODUCT_BUNDLE_IDENTIFIER = com.takeoff.fusiontakeoff;
				SDKROOT = macosx;
			};
			name = Debug;
		};
		49664ED892B64996CC8A3056 /* Debug */ = {
			isa = XCBuildConfiguration;
			buildSettings = {
				ALWAYS_SEARCH_USER_PATHS = NO;
				CLANG_ANALYZER_NONNULL = YES;
				CLANG_ANALYZER_NUMBER_OBJECT_CONVERSION = YES_AGGRESSIVE;
				CLANG_CXX_LANGUAGE_STANDARD = "gnu++14";
				CLANG_CXX_LIBRARY = "libc++";
				CLANG_ENABLE_MODULES = YES;
				CLANG_ENABLE_OBJC_ARC = YES;
				CLANG_ENABLE_OBJC_WEAK = YES;
				CLANG_WARN_BLOCK_CAPTURE_AUTORELEASING = YES;
				CLANG_WARN_BOOL_CONVERSION = YES;
				CLANG_WARN_COMMA = YES;
				CLANG_WARN_CONSTANT_CONVERSION = YES;
				CLANG_WARN_DEPRECATED_OBJC_IMPLEMENTATIONS = YES;
				CLANG_WARN_DIRECT_OBJC_ISA_USAGE = YES_ERROR;
				CLANG_WARN_DOCUMENTATION_COMMENTS = YES;
				CLANG_WARN_EMPTY_BODY = YES;
				CLANG_WARN_ENUM_CONVERSION = YES;
				CLANG_WARN_INFINITE_RECURSION = YES;
				CLANG_WARN_INT_CONVERSION = YES;
				CLANG_WARN_NON_LITERAL_NULL_CONVERSION = YES;
				CLANG_WARN_OBJC_IMPLICIT_RETAIN_SELF = YES;
				CLANG_WARN_OBJC_LITERAL_CONVERSION = YES;
				CLANG_WARN_OBJC_ROOT_CLASS = YES_ERROR;
				CLANG_WARN_QUOTED_INCLUDE_IN_FRAMEWORK_HEADER = YES;
				CLANG_WARN_RANGE_LOOP_ANALYSIS = YES;
				CLANG_WARN_STRICT_PROTOTYPES = YES;
				CLANG_WARN_SUSPICIOUS_MOVE = YES;
				CLANG_WARN_UNGUARDED_AVAILABILITY = YES_AGGRESSIVE;
				CLANG_WARN_UNREACHABLE_CODE = YES;
				CLANG_WARN__DUPLICATE_METHOD_MATCH = YES;
				CODE_SIGN_IDENTITY = "Apple Development";
				CODE_SIGN_STYLE = Manual;
				COPY_PHASE_STRIP = NO;
				CURRENT_PROJECT_VERSION = 1;
				DEBUG_INFORMATION_FORMAT = dwarf;
				DEVELOPMENT_TEAM = 9F8D583GBV;
				ENABLE_HARDENED_RUNTIME = YES;
				ENABLE_STRICT_OBJC_MSGSEND = YES;
				ENABLE_TESTABILITY = YES;
				FTK_SERIES_START = 164;
				GCC_C_LANGUAGE_STANDARD = gnu11;
				GCC_DYNAMIC_NO_PIC = NO;
				GCC_NO_COMMON_BLOCKS = YES;
				GCC_OPTIMIZATION_LEVEL = 0;
				GCC_PREPROCESSOR_DEFINITIONS = (
					"$(inherited)",
					"DEBUG=1",
				);
				GCC_WARN_64_TO_32_BIT_CONVERSION = YES;
				GCC_WARN_ABOUT_RETURN_TYPE = YES_ERROR;
				GCC_WARN_UNDECLARED_SELECTOR = YES;
				GCC_WARN_UNINITIALIZED_AUTOS = YES_AGGRESSIVE;
				GCC_WARN_UNUSED_FUNCTION = YES;
				GCC_WARN_UNUSED_VARIABLE = YES;
				MACOSX_DEPLOYMENT_TARGET = 27.0;
				MARKETING_VERSION = 1.0.72;
				MTL_ENABLE_DEBUG_INFO = INCLUDE_SOURCE;
				MTL_FAST_MATH = YES;
				ONLY_ACTIVE_ARCH = YES;
				PRODUCT_NAME = "$(TARGET_NAME)";
				SDKROOT = macosx;
				SWIFT_ACTIVE_COMPILATION_CONDITIONS = DEBUG;
				SWIFT_OPTIMIZATION_LEVEL = "-Onone";
				SWIFT_VERSION = 6.0;
			};
			name = Debug;
		};
		7651F0C66E8D82170BAA72D5 /* Release */ = {
			isa = XCBuildConfiguration;
			buildSettings = {
				ALWAYS_SEARCH_USER_PATHS = NO;
				CLANG_ANALYZER_NONNULL = YES;
				CLANG_ANALYZER_NUMBER_OBJECT_CONVERSION = YES_AGGRESSIVE;
				CLANG_CXX_LANGUAGE_STANDARD = "gnu++14";
				CLANG_CXX_LIBRARY = "libc++";
				CLANG_ENABLE_MODULES = YES;
				CLANG_ENABLE_OBJC_ARC = YES;
				CLANG_ENABLE_OBJC_WEAK = YES;
				CLANG_WARN_BLOCK_CAPTURE_AUTORELEASING = YES;
				CLANG_WARN_BOOL_CONVERSION = YES;
				CLANG_WARN_COMMA = YES;
				CLANG_WARN_CONSTANT_CONVERSION = YES;
				CLANG_WARN_DEPRECATED_OBJC_IMPLEMENTATIONS = YES;
				CLANG_WARN_DIRECT_OBJC_ISA_USAGE = YES_ERROR;
				CLANG_WARN_DOCUMENTATION_COMMENTS = YES;
				CLANG_WARN_EMPTY_BODY = YES;
				CLANG_WARN_ENUM_CONVERSION = YES;
				CLANG_WARN_INFINITE_RECURSION = YES;
				CLANG_WARN_INT_CONVERSION = YES;
				CLANG_WARN_NON_LITERAL_NULL_CONVERSION = YES;
				CLANG_WARN_OBJC_IMPLICIT_RETAIN_SELF = YES;
				CLANG_WARN_OBJC_LITERAL_CONVERSION = YES;
				CLANG_WARN_OBJC_ROOT_CLASS = YES_ERROR;
				CLANG_WARN_QUOTED_INCLUDE_IN_FRAMEWORK_HEADER = YES;
				CLANG_WARN_RANGE_LOOP_ANALYSIS = YES;
				CLANG_WARN_STRICT_PROTOTYPES = YES;
				CLANG_WARN_SUSPICIOUS_MOVE = YES;
				CLANG_WARN_UNGUARDED_AVAILABILITY = YES_AGGRESSIVE;
				CLANG_WARN_UNREACHABLE_CODE = YES;
				CLANG_WARN__DUPLICATE_METHOD_MATCH = YES;
				CODE_SIGN_IDENTITY = "Apple Development";
				CODE_SIGN_STYLE = Manual;
				COPY_PHASE_STRIP = NO;
				CURRENT_PROJECT_VERSION = 1;
				DEBUG_INFORMATION_FORMAT = "dwarf-with-dsym";
				DEVELOPMENT_TEAM = 9F8D583GBV;
				ENABLE_HARDENED_RUNTIME = YES;
				ENABLE_NS_ASSERTIONS = NO;
				ENABLE_STRICT_OBJC_MSGSEND = YES;
				FTK_SERIES_START = 164;
				GCC_C_LANGUAGE_STANDARD = gnu11;
				GCC_NO_COMMON_BLOCKS = YES;
				GCC_WARN_64_TO_32_BIT_CONVERSION = YES;
				GCC_WARN_ABOUT_RETURN_TYPE = YES_ERROR;
				GCC_WARN_UNDECLARED_SELECTOR = YES;
				GCC_WARN_UNINITIALIZED_AUTOS = YES_AGGRESSIVE;
				GCC_WARN_UNUSED_FUNCTION = YES;
				GCC_WARN_UNUSED_VARIABLE = YES;
				MACOSX_DEPLOYMENT_TARGET = 27.0;
				MARKETING_VERSION = 1.0.72;
				MTL_ENABLE_DEBUG_INFO = NO;
				MTL_FAST_MATH = YES;
				PRODUCT_NAME = "$(TARGET_NAME)";
				SDKROOT = macosx;
				SWIFT_COMPILATION_MODE = wholemodule;
				SWIFT_OPTIMIZATION_LEVEL = "-O";
				SWIFT_VERSION = 6.0;
			};
			name = Release;
		};
		928FDED4872C90F6F8D72305 /* Release */ = {
			isa = XCBuildConfiguration;
			buildSettings = {
				ASSETCATALOG_COMPILER_APPICON_NAME = AppIcon;
				CODE_SIGN_ENTITLEMENTS = App/FusionTakeoff.entitlements;
				COMBINE_HIDPI_IMAGES = YES;
				ENABLE_USER_SCRIPT_SANDBOXING = NO;
				INFOPLIST_FILE = App/Info.plist;
				LD_RUNPATH_SEARCH_PATHS = (
					"$(inherited)",
					"@executable_path/../Frameworks",
				);
				PRODUCT_BUNDLE_IDENTIFIER = com.takeoff.fusiontakeoff;
				SDKROOT = macosx;
			};
			name = Release;
		};
		A2F55DBE9321A3A010306F7B /* Debug */ = {
			isa = XCBuildConfiguration;
			buildSettings = {
				CODE_SIGN_ENTITLEMENTS = "Tools/ftk-mcp.entitlements";
				COMBINE_HIDPI_IMAGES = YES;
				CREATE_INFOPLIST_SECTION_IN_BINARY = YES;
				GENERATE_INFOPLIST_FILE = YES;
				LD_RUNPATH_SEARCH_PATHS = (
					"$(inherited)",
					"@executable_path/../Frameworks",
				);
				PRODUCT_BUNDLE_IDENTIFIER = "com.takeoff.fusiontakeoff.ftk-mcp";
				PRODUCT_NAME = "ftk-mcp";
				SDKROOT = macosx;
				SKIP_INSTALL = YES;
			};
			name = Debug;
		};
		B547439BEF07A7AA2CE6F3F9 /* Release */ = {
			isa = XCBuildConfiguration;
			buildSettings = {
				CODE_SIGN_ENTITLEMENTS = "Tools/ftk-mcp.entitlements";
				COMBINE_HIDPI_IMAGES = YES;
				CREATE_INFOPLIST_SECTION_IN_BINARY = YES;
				GENERATE_INFOPLIST_FILE = YES;
				LD_RUNPATH_SEARCH_PATHS = (
					"$(inherited)",
					"@executable_path/../Frameworks",
				);
				PRODUCT_BUNDLE_IDENTIFIER = "com.takeoff.fusiontakeoff.ftk-mcp";
				PRODUCT_NAME = "ftk-mcp";
				SDKROOT = macosx;
				SKIP_INSTALL = YES;
			};
			name = Release;
		};
/* End XCBuildConfiguration section */

/* Begin XCConfigurationList section */
		59017358A38C592CBA6081F7 /* Build configuration list for PBXNativeTarget "ftk-mcp" */ = {
			isa = XCConfigurationList;
			buildConfigurations = (
				A2F55DBE9321A3A010306F7B /* Debug */,
				B547439BEF07A7AA2CE6F3F9 /* Release */,
			);
			defaultConfigurationIsVisible = 0;
			defaultConfigurationName = Debug;
		};
		5D6DD517F34C131F581C1A78 /* Build configuration list for PBXProject "FusionTakeoff" */ = {
			isa = XCConfigurationList;
			buildConfigurations = (
				49664ED892B64996CC8A3056 /* Debug */,
				7651F0C66E8D82170BAA72D5 /* Release */,
			);
			defaultConfigurationIsVisible = 0;
			defaultConfigurationName = Debug;
		};
		95E227F3C5A780CCB4B1D93B /* Build configuration list for PBXNativeTarget "FusionTakeoff" */ = {
			isa = XCConfigurationList;
			buildConfigurations = (
				481061AC256CB8350E35F9E0 /* Debug */,
				928FDED4872C90F6F8D72305 /* Release */,
			);
			defaultConfigurationIsVisible = 0;
			defaultConfigurationName = Debug;
		};
/* End XCConfigurationList section */

/* Begin XCLocalSwiftPackageReference section */
		3B7839F5FE281FB6DCC3C3EB /* XCLocalSwiftPackageReference "Packages/CADCore" */ = {
			isa = XCLocalSwiftPackageReference;
			relativePath = Packages/CADCore;
		};
		B761BA4743B7DE1F3F5B2A6F /* XCLocalSwiftPackageReference "Packages/ElectronicsCore" */ = {
			isa = XCLocalSwiftPackageReference;
			relativePath = Packages/ElectronicsCore;
		};
/* End XCLocalSwiftPackageReference section */

/* Begin XCSwiftPackageProductDependency section */
		94BE0555CADC49A52D81E724 /* ElectronicsCore */ = {
			isa = XCSwiftPackageProductDependency;
			productName = ElectronicsCore;
		};
		DDA8176070A4C4FA3CF13B40 /* CADCore */ = {
			isa = XCSwiftPackageProductDependency;
			productName = CADCore;
		};
/* End XCSwiftPackageProductDependency section */
	};
	rootObject = AEBFCDC4C367902AFEE4310B /* Project object */;
}
